
Microsoft Visual Studio Solution File, Format Version 12.00
# Visual Studio 15
VisualStudioVersion = 15.0.27004.2010
MinimumVisualStudioVersion = 10.0.40219.1
Project("{FAE04EC0-301F-11D3-BF4B-00C04F79EFBC}") = "ProcessManipulator", "17\ProcessManipulator\ProcessManipulator.csproj", "{20E95310-030C-4CB0-B0A7-6ED0CEEB7FB7}"
EndProject
Project("{2150E333-8FDC-42A3-9474-1A3956D46DE8}") = "17", "17", "{02809238-3F6B-466E-AFFA-F0E426DDFA0B}"
EndProject
Project("{FAE04EC0-301F-11D3-BF4B-00C04F79EFBC}") = "DefaultAppDomainApp", "17\DefaultAppDomainApp\DefaultAppDomainApp.csproj", "{8C459CC3-7B74-4C41-8EB8-5986EC3DB078}"
EndProject
Project("{FAE04EC0-301F-11D3-BF4B-00C04F79EFBC}") = "CustomAppDomains", "17\CustomAppDomains\CustomAppDomains.csproj", "{B0745DA1-0555-428C-8E6C-8F6CF14228F6}"
EndProject
Project("{FAE04EC0-301F-11D3-BF4B-00C04F79EFBC}") = "ObjectContextApp", "17\ObjectContextApp\ObjectContextApp.csproj", "{0A2935CA-0847-4A6A-A240-4D51B8B84D4D}"
EndProject
Project("{FAE04EC0-301F-11D3-BF4B-00C04F79EFBC}") = "ILCodeExample", "17\ILCodeExample\ILCodeExample.csproj", "{85402F06-593F-458C-9E88-4B73E599D8D0}"
EndProject
Project("{FAE04EC0-301F-11D3-BF4B-00C04F79EFBC}") = "HelloProgram", "17\HelloProgram\HelloProgram.csproj", "{ADF62721-220F-4A6A-A71C-F75C575D2CCF}"
EndProject
Project("{FAE04EC0-301F-11D3-BF4B-00C04F79EFBC}") = "CilDirectiveAndAttributes", "17\CilDirectiveAndAttributes\CilDirectiveAndAttributes.csproj", "{C3DE904C-A9B1-4E4B-90B5-5C4B5BF2DF57}"
EndProject
Project("{FAE04EC0-301F-11D3-BF4B-00C04F79EFBC}") = "CILCars", "17\CILCars\CILCars.csproj", "{A137D07D-D15E-462C-B81E-7171FA47E00C}"
EndProject
Project("{2150E333-8FDC-42A3-9474-1A3956D46DE8}") = "18", "18", "{18AC39B4-344F-4833-84B2-7E18DF4889C3}"
EndProject
Project("{FAE04EC0-301F-11D3-BF4B-00C04F79EFBC}") = "DynamicAsmBuilder", "18\DynamicAsmBuilder\DynamicAsmBuilder.csproj", "{8D34B647-F364-4932-B56F-538DFD03671E}"
EndProject
Project("{2150E333-8FDC-42A3-9474-1A3956D46DE8}") = "19", "19", "{C5C79824-FE76-4DBC-996C-A9ED22A078E3}"
	ProjectSection(SolutionItems) = preProject
		19\Printer class.txt = 19\Printer class.txt
	EndProjectSection
EndProject
Project("{FAE04EC0-301F-11D3-BF4B-00C04F79EFBC}") = "SyncDelegateReview", "19\SyncDelegateReview\SyncDelegateReview.csproj", "{69544596-B7EF-4F5E-9FA6-E36E854EBE0C}"
EndProject
Project("{FAE04EC0-301F-11D3-BF4B-00C04F79EFBC}") = "AsyncDelegate", "19\AsyncDelegate\AsyncDelegate.csproj", "{7AF2DBD2-E483-44DD-9D72-F756EE1B0586}"
EndProject
Project("{FAE04EC0-301F-11D3-BF4B-00C04F79EFBC}") = "AsyncCallbackDelegate", "19\AsyncCallbackDelegate\AsyncCallbackDelegate.csproj", "{47CAEA37-DB50-4224-8A87-EB28FB1BDFA7}"
EndProject
Project("{FAE04EC0-301F-11D3-BF4B-00C04F79EFBC}") = "ThreadStats", "19\ThreadStats\ThreadStats.csproj", "{F4A2C93A-33DA-4214-AFE1-195EEBCDFAFD}"
EndProject
Project("{FAE04EC0-301F-11D3-BF4B-00C04F79EFBC}") = "SimpleMultiThreadApp", "19\SimpleMultiThreadApp\SimpleMultiThreadApp.csproj", "{87B43553-CFB4-404C-9C70-2F74EC1BDF57}"
EndProject
Project("{FAE04EC0-301F-11D3-BF4B-00C04F79EFBC}") = "AddWithThreads", "19\AddWithThreads\AddWithThreads.csproj", "{B26EE536-FF81-49CB-AD89-DB27E2DB7D1E}"
EndProject
Project("{FAE04EC0-301F-11D3-BF4B-00C04F79EFBC}") = "MultiThreadedPrinting", "19\MultiThreadedPrinting\MultiThreadedPrinting.csproj", "{CB1B05AA-96C5-400B-BD0A-43C65E65AB73}"
EndProject
Project("{FAE04EC0-301F-11D3-BF4B-00C04F79EFBC}") = "TimerApp", "19\TimerApp\TimerApp.csproj", "{C4188320-3D3B-4A7C-85F9-906513D68B0C}"
EndProject
Project("{FAE04EC0-301F-11D3-BF4B-00C04F79EFBC}") = "ThreadPoolApp", "19\ThreadPoolApp\ThreadPoolApp.csproj", "{6CAD12AC-63E6-4A46-AF9A-B2CE51DA7368}"
EndProject
Project("{FAE04EC0-301F-11D3-BF4B-00C04F79EFBC}") = "DataParallelismWithForEach", "19\DataParallelismWithForEach\DataParallelismWithForEach.csproj", "{320A4B80-C606-4898-8DAA-374CE4884EC1}"
EndProject
Project("{FAE04EC0-301F-11D3-BF4B-00C04F79EFBC}") = "MyEBookReader", "19\MyEBookReader\MyEBookReader.csproj", "{50DF9523-E7B7-498E-A82D-B8E87760AB1B}"
EndProject
Project("{FAE04EC0-301F-11D3-BF4B-00C04F79EFBC}") = "PLINQDataProcessingWithCancellation", "19\PLINQDataProcessingWithCancellation\PLINQDataProcessingWithCancellation.csproj", "{48D583CF-A020-4F7C-A51B-EF6553825019}"
EndProject
Project("{FAE04EC0-301F-11D3-BF4B-00C04F79EFBC}") = "FunWithCSharpAsync", "19\FunWithCSharpAsync\FunWithCSharpAsync.csproj", "{4E122FFA-AED8-483A-BC42-A721F3FA0378}"
EndProject
Project("{FAE04EC0-301F-11D3-BF4B-00C04F79EFBC}") = "AddWithThreadsByAsyncAndAwait", "19\AddWithThreadsByAsyncAndAwait\AddWithThreadsByAsyncAndAwait.csproj", "{F19445BB-BCB3-4613-88E0-95AD271548D6}"
EndProject
Project("{2150E333-8FDC-42A3-9474-1A3956D46DE8}") = "20", "20", "{253214CC-2937-49F7-A69E-B75A67A86BE6}"
EndProject
Project("{FAE04EC0-301F-11D3-BF4B-00C04F79EFBC}") = "DirectoryApp", "20\DirectoryApp\DirectoryApp.csproj", "{7C31D08B-6654-47A8-BB44-B3E4E114E568}"
EndProject
Project("{FAE04EC0-301F-11D3-BF4B-00C04F79EFBC}") = "DriveInfoApp", "20\DriveInfoApp\DriveInfoApp.csproj", "{A979F297-9707-4E98-A1BC-C84BB3A50309}"
EndProject
Project("{FAE04EC0-301F-11D3-BF4B-00C04F79EFBC}") = "SimpleFileIO", "20\SimpleFileIO\SimpleFileIO.csproj", "{AE45FA70-BD4B-489F-9E9B-A2AE60229597}"
EndProject
Project("{FAE04EC0-301F-11D3-BF4B-00C04F79EFBC}") = "FileStreamApp", "20\FileStreamApp\FileStreamApp.csproj", "{3BD57E39-7271-4F5D-AEAC-664A2C866AF8}"
EndProject
Project("{FAE04EC0-301F-11D3-BF4B-00C04F79EFBC}") = "StreamWriterReaderApp", "20\StreamWriterReaderApp\StreamWriterReaderApp.csproj", "{F5CB236E-2B9A-4B74-8AD8-7D0C4216131E}"
EndProject
Project("{FAE04EC0-301F-11D3-BF4B-00C04F79EFBC}") = "StringReaderWriterApp", "20\StringReaderWriterApp\StringReaderWriterApp.csproj", "{4C67CEAB-B802-4A36-8E47-ADF89CBA5EF1}"
EndProject
Project("{FAE04EC0-301F-11D3-BF4B-00C04F79EFBC}") = "BinaryWriterReader", "20\BinaryWriterReader\BinaryWriterReader.csproj", "{246203D4-2D90-4E23-B30E-66FA69C70E53}"
EndProject
Project("{FAE04EC0-301F-11D3-BF4B-00C04F79EFBC}") = "MyDirectoryWatcher", "20\MyDirectoryWatcher\MyDirectoryWatcher.csproj", "{A3524961-7311-4BC3-BF3F-423B834A7AA2}"
EndProject
Project("{FAE04EC0-301F-11D3-BF4B-00C04F79EFBC}") = "SimpleSerialize", "20\SimpleSerialize\SimpleSerialize.csproj", "{DDB42208-C511-4590-A599-6BBE6B9C0FD9}"
EndProject
Project("{FAE04EC0-301F-11D3-BF4B-00C04F79EFBC}") = "CustomSerialization", "20\CustomSerialization\CustomSerialization.csproj", "{88EB922D-DE71-4A48-8438-92EC301E53F0}"
EndProject
Project("{2150E333-8FDC-42A3-9474-1A3956D46DE8}") = "13", "13", "{5DF760D4-4DA2-4A5D-A98C-67514A4CEB02}"
EndProject
Project("{FAE04EC0-301F-11D3-BF4B-00C04F79EFBC}") = "SimpleGC", "13\SimpleGC\SimpleGC.csproj", "{D2033E7A-A02E-42B6-A93F-6FBD8746096B}"
EndProject
Project("{FAE04EC0-301F-11D3-BF4B-00C04F79EFBC}") = "SimpleFinalize", "13\SimpleFinalize\SimpleFinalize.csproj", "{38EF564A-C05A-4889-875A-7EC1386519B1}"
EndProject
Project("{FAE04EC0-301F-11D3-BF4B-00C04F79EFBC}") = "SimpleDispose", "13\SimpleDispose\SimpleDispose.csproj", "{E2BB4B40-045D-41FE-BDCB-49CFC3F29CD0}"
EndProject
Project("{FAE04EC0-301F-11D3-BF4B-00C04F79EFBC}") = "FinalizableDisposableClass", "13\FinalizableDisposableClass\FinalizableDisposableClass.csproj", "{102C9647-2B6C-4994-96DF-A01F4C7701D5}"
EndProject
Project("{FAE04EC0-301F-11D3-BF4B-00C04F79EFBC}") = "LazyObjectInstantiation", "13\LazyObjectInstantiation\LazyObjectInstantiation.csproj", "{38F2D803-F647-4E7A-8868-314FCAB825A7}"
EndProject
Project("{2150E333-8FDC-42A3-9474-1A3956D46DE8}") = "14", "14", "{778E8201-0A8F-45B2-A5F0-E413EAB7D92E}"
EndProject
Project("{FAE04EC0-301F-11D3-BF4B-00C04F79EFBC}") = "CustomNamespaces", "14\CustomNamespaces\CustomNamespaces.csproj", "{FC09A080-AC35-4AA1-8A34-2A6D0D5130C3}"
EndProject
Global
	GlobalSection(SolutionConfigurationPlatforms) = preSolution
		Debug|Any CPU = Debug|Any CPU
		Release|Any CPU = Release|Any CPU
	EndGlobalSection
	GlobalSection(ProjectConfigurationPlatforms) = postSolution
		{20E95310-030C-4CB0-B0A7-6ED0CEEB7FB7}.Debug|Any CPU.ActiveCfg = Debug|Any CPU
		{20E95310-030C-4CB0-B0A7-6ED0CEEB7FB7}.Debug|Any CPU.Build.0 = Debug|Any CPU
		{20E95310-030C-4CB0-B0A7-6ED0CEEB7FB7}.Release|Any CPU.ActiveCfg = Release|Any CPU
		{20E95310-030C-4CB0-B0A7-6ED0CEEB7FB7}.Release|Any CPU.Build.0 = Release|Any CPU
		{8C459CC3-7B74-4C41-8EB8-5986EC3DB078}.Debug|Any CPU.ActiveCfg = Debug|Any CPU
		{8C459CC3-7B74-4C41-8EB8-5986EC3DB078}.Debug|Any CPU.Build.0 = Debug|Any CPU
		{8C459CC3-7B74-4C41-8EB8-5986EC3DB078}.Release|Any CPU.ActiveCfg = Release|Any CPU
		{8C459CC3-7B74-4C41-8EB8-5986EC3DB078}.Release|Any CPU.Build.0 = Release|Any CPU
		{B0745DA1-0555-428C-8E6C-8F6CF14228F6}.Debug|Any CPU.ActiveCfg = Debug|Any CPU
		{B0745DA1-0555-428C-8E6C-8F6CF14228F6}.Debug|Any CPU.Build.0 = Debug|Any CPU
		{B0745DA1-0555-428C-8E6C-8F6CF14228F6}.Release|Any CPU.ActiveCfg = Release|Any CPU
		{B0745DA1-0555-428C-8E6C-8F6CF14228F6}.Release|Any CPU.Build.0 = Release|Any CPU
		{0A2935CA-0847-4A6A-A240-4D51B8B84D4D}.Debug|Any CPU.ActiveCfg = Debug|Any CPU
		{0A2935CA-0847-4A6A-A240-4D51B8B84D4D}.Debug|Any CPU.Build.0 = Debug|Any CPU
		{0A2935CA-0847-4A6A-A240-4D51B8B84D4D}.Release|Any CPU.ActiveCfg = Release|Any CPU
		{0A2935CA-0847-4A6A-A240-4D51B8B84D4D}.Release|Any CPU.Build.0 = Release|Any CPU
		{85402F06-593F-458C-9E88-4B73E599D8D0}.Debug|Any CPU.ActiveCfg = Debug|Any CPU
		{85402F06-593F-458C-9E88-4B73E599D8D0}.Debug|Any CPU.Build.0 = Debug|Any CPU
		{85402F06-593F-458C-9E88-4B73E599D8D0}.Release|Any CPU.ActiveCfg = Release|Any CPU
		{85402F06-593F-458C-9E88-4B73E599D8D0}.Release|Any CPU.Build.0 = Release|Any CPU
		{ADF62721-220F-4A6A-A71C-F75C575D2CCF}.Debug|Any CPU.ActiveCfg = Debug|Any CPU
		{ADF62721-220F-4A6A-A71C-F75C575D2CCF}.Debug|Any CPU.Build.0 = Debug|Any CPU
		{ADF62721-220F-4A6A-A71C-F75C575D2CCF}.Release|Any CPU.ActiveCfg = Release|Any CPU
		{ADF62721-220F-4A6A-A71C-F75C575D2CCF}.Release|Any CPU.Build.0 = Release|Any CPU
		{C3DE904C-A9B1-4E4B-90B5-5C4B5BF2DF57}.Debug|Any CPU.ActiveCfg = Debug|Any CPU
		{C3DE904C-A9B1-4E4B-90B5-5C4B5BF2DF57}.Debug|Any CPU.Build.0 = Debug|Any CPU
		{C3DE904C-A9B1-4E4B-90B5-5C4B5BF2DF57}.Release|Any CPU.ActiveCfg = Release|Any CPU
		{C3DE904C-A9B1-4E4B-90B5-5C4B5BF2DF57}.Release|Any CPU.Build.0 = Release|Any CPU
		{A137D07D-D15E-462C-B81E-7171FA47E00C}.Debug|Any CPU.ActiveCfg = Debug|Any CPU
		{A137D07D-D15E-462C-B81E-7171FA47E00C}.Debug|Any CPU.Build.0 = Debug|Any CPU
		{A137D07D-D15E-462C-B81E-7171FA47E00C}.Release|Any CPU.ActiveCfg = Release|Any CPU
		{A137D07D-D15E-462C-B81E-7171FA47E00C}.Release|Any CPU.Build.0 = Release|Any CPU
		{8D34B647-F364-4932-B56F-538DFD03671E}.Debug|Any CPU.ActiveCfg = Debug|Any CPU
		{8D34B647-F364-4932-B56F-538DFD03671E}.Debug|Any CPU.Build.0 = Debug|Any CPU
		{8D34B647-F364-4932-B56F-538DFD03671E}.Release|Any CPU.ActiveCfg = Release|Any CPU
		{8D34B647-F364-4932-B56F-538DFD03671E}.Release|Any CPU.Build.0 = Release|Any CPU
		{69544596-B7EF-4F5E-9FA6-E36E854EBE0C}.Debug|Any CPU.ActiveCfg = Debug|Any CPU
		{69544596-B7EF-4F5E-9FA6-E36E854EBE0C}.Debug|Any CPU.Build.0 = Debug|Any CPU
		{69544596-B7EF-4F5E-9FA6-E36E854EBE0C}.Release|Any CPU.ActiveCfg = Release|Any CPU
		{69544596-B7EF-4F5E-9FA6-E36E854EBE0C}.Release|Any CPU.Build.0 = Release|Any CPU
		{7AF2DBD2-E483-44DD-9D72-F756EE1B0586}.Debug|Any CPU.ActiveCfg = Debug|Any CPU
		{7AF2DBD2-E483-44DD-9D72-F756EE1B0586}.Debug|Any CPU.Build.0 = Debug|Any CPU
		{7AF2DBD2-E483-44DD-9D72-F756EE1B0586}.Release|Any CPU.ActiveCfg = Release|Any CPU
		{7AF2DBD2-E483-44DD-9D72-F756EE1B0586}.Release|Any CPU.Build.0 = Release|Any CPU
		{47CAEA37-DB50-4224-8A87-EB28FB1BDFA7}.Debug|Any CPU.ActiveCfg = Debug|Any CPU
		{47CAEA37-DB50-4224-8A87-EB28FB1BDFA7}.Debug|Any CPU.Build.0 = Debug|Any CPU
		{47CAEA37-DB50-4224-8A87-EB28FB1BDFA7}.Release|Any CPU.ActiveCfg = Release|Any CPU
		{47CAEA37-DB50-4224-8A87-EB28FB1BDFA7}.Release|Any CPU.Build.0 = Release|Any CPU
		{F4A2C93A-33DA-4214-AFE1-195EEBCDFAFD}.Debug|Any CPU.ActiveCfg = Debug|Any CPU
		{F4A2C93A-33DA-4214-AFE1-195EEBCDFAFD}.Debug|Any CPU.Build.0 = Debug|Any CPU
		{F4A2C93A-33DA-4214-AFE1-195EEBCDFAFD}.Release|Any CPU.ActiveCfg = Release|Any CPU
		{F4A2C93A-33DA-4214-AFE1-195EEBCDFAFD}.Release|Any CPU.Build.0 = Release|Any CPU
		{87B43553-CFB4-404C-9C70-2F74EC1BDF57}.Debug|Any CPU.ActiveCfg = Debug|Any CPU
		{87B43553-CFB4-404C-9C70-2F74EC1BDF57}.Debug|Any CPU.Build.0 = Debug|Any CPU
		{87B43553-CFB4-404C-9C70-2F74EC1BDF57}.Release|Any CPU.ActiveCfg = Release|Any CPU
		{87B43553-CFB4-404C-9C70-2F74EC1BDF57}.Release|Any CPU.Build.0 = Release|Any CPU
		{B26EE536-FF81-49CB-AD89-DB27E2DB7D1E}.Debug|Any CPU.ActiveCfg = Debug|Any CPU
		{B26EE536-FF81-49CB-AD89-DB27E2DB7D1E}.Debug|Any CPU.Build.0 = Debug|Any CPU
		{B26EE536-FF81-49CB-AD89-DB27E2DB7D1E}.Release|Any CPU.ActiveCfg = Release|Any CPU
		{B26EE536-FF81-49CB-AD89-DB27E2DB7D1E}.Release|Any CPU.Build.0 = Release|Any CPU
		{CB1B05AA-96C5-400B-BD0A-43C65E65AB73}.Debug|Any CPU.ActiveCfg = Debug|Any CPU
		{CB1B05AA-96C5-400B-BD0A-43C65E65AB73}.Debug|Any CPU.Build.0 = Debug|Any CPU
		{CB1B05AA-96C5-400B-BD0A-43C65E65AB73}.Release|Any CPU.ActiveCfg = Release|Any CPU
		{CB1B05AA-96C5-400B-BD0A-43C65E65AB73}.Release|Any CPU.Build.0 = Release|Any CPU
		{C4188320-3D3B-4A7C-85F9-906513D68B0C}.Debug|Any CPU.ActiveCfg = Debug|Any CPU
		{C4188320-3D3B-4A7C-85F9-906513D68B0C}.Debug|Any CPU.Build.0 = Debug|Any CPU
		{C4188320-3D3B-4A7C-85F9-906513D68B0C}.Release|Any CPU.ActiveCfg = Release|Any CPU
		{C4188320-3D3B-4A7C-85F9-906513D68B0C}.Release|Any CPU.Build.0 = Release|Any CPU
		{6CAD12AC-63E6-4A46-AF9A-B2CE51DA7368}.Debug|Any CPU.ActiveCfg = Debug|Any CPU
		{6CAD12AC-63E6-4A46-AF9A-B2CE51DA7368}.Debug|Any CPU.Build.0 = Debug|Any CPU
		{6CAD12AC-63E6-4A46-AF9A-B2CE51DA7368}.Release|Any CPU.ActiveCfg = Release|Any CPU
		{6CAD12AC-63E6-4A46-AF9A-B2CE51DA7368}.Release|Any CPU.Build.0 = Release|Any CPU
		{320A4B80-C606-4898-8DAA-374CE4884EC1}.Debug|Any CPU.ActiveCfg = Debug|Any CPU
		{320A4B80-C606-4898-8DAA-374CE4884EC1}.Debug|Any CPU.Build.0 = Debug|Any CPU
		{320A4B80-C606-4898-8DAA-374CE4884EC1}.Release|Any CPU.ActiveCfg = Release|Any CPU
		{320A4B80-C606-4898-8DAA-374CE4884EC1}.Release|Any CPU.Build.0 = Release|Any CPU
		{50DF9523-E7B7-498E-A82D-B8E87760AB1B}.Debug|Any CPU.ActiveCfg = Debug|Any CPU
		{50DF9523-E7B7-498E-A82D-B8E87760AB1B}.Debug|Any CPU.Build.0 = Debug|Any CPU
		{50DF9523-E7B7-498E-A82D-B8E87760AB1B}.Release|Any CPU.ActiveCfg = Release|Any CPU
		{50DF9523-E7B7-498E-A82D-B8E87760AB1B}.Release|Any CPU.Build.0 = Release|Any CPU
		{48D583CF-A020-4F7C-A51B-EF6553825019}.Debug|Any CPU.ActiveCfg = Debug|Any CPU
		{48D583CF-A020-4F7C-A51B-EF6553825019}.Debug|Any CPU.Build.0 = Debug|Any CPU
		{48D583CF-A020-4F7C-A51B-EF6553825019}.Release|Any CPU.ActiveCfg = Release|Any CPU
		{48D583CF-A020-4F7C-A51B-EF6553825019}.Release|Any CPU.Build.0 = Release|Any CPU
		{4E122FFA-AED8-483A-BC42-A721F3FA0378}.Debug|Any CPU.ActiveCfg = Debug|Any CPU
		{4E122FFA-AED8-483A-BC42-A721F3FA0378}.Debug|Any CPU.Build.0 = Debug|Any CPU
		{4E122FFA-AED8-483A-BC42-A721F3FA0378}.Release|Any CPU.ActiveCfg = Release|Any CPU
		{4E122FFA-AED8-483A-BC42-A721F3FA0378}.Release|Any CPU.Build.0 = Release|Any CPU
		{F19445BB-BCB3-4613-88E0-95AD271548D6}.Debug|Any CPU.ActiveCfg = Debug|Any CPU
		{F19445BB-BCB3-4613-88E0-95AD271548D6}.Debug|Any CPU.Build.0 = Debug|Any CPU
		{F19445BB-BCB3-4613-88E0-95AD271548D6}.Release|Any CPU.ActiveCfg = Release|Any CPU
		{F19445BB-BCB3-4613-88E0-95AD271548D6}.Release|Any CPU.Build.0 = Release|Any CPU
		{7C31D08B-6654-47A8-BB44-B3E4E114E568}.Debug|Any CPU.ActiveCfg = Debug|Any CPU
		{7C31D08B-6654-47A8-BB44-B3E4E114E568}.Debug|Any CPU.Build.0 = Debug|Any CPU
		{7C31D08B-6654-47A8-BB44-B3E4E114E568}.Release|Any CPU.ActiveCfg = Release|Any CPU
		{7C31D08B-6654-47A8-BB44-B3E4E114E568}.Release|Any CPU.Build.0 = Release|Any CPU
		{A979F297-9707-4E98-A1BC-C84BB3A50309}.Debug|Any CPU.ActiveCfg = Debug|Any CPU
		{A979F297-9707-4E98-A1BC-C84BB3A50309}.Debug|Any CPU.Build.0 = Debug|Any CPU
		{A979F297-9707-4E98-A1BC-C84BB3A50309}.Release|Any CPU.ActiveCfg = Release|Any CPU
		{A979F297-9707-4E98-A1BC-C84BB3A50309}.Release|Any CPU.Build.0 = Release|Any CPU
		{AE45FA70-BD4B-489F-9E9B-A2AE60229597}.Debug|Any CPU.ActiveCfg = Debug|Any CPU
		{AE45FA70-BD4B-489F-9E9B-A2AE60229597}.Debug|Any CPU.Build.0 = Debug|Any CPU
		{AE45FA70-BD4B-489F-9E9B-A2AE60229597}.Release|Any CPU.ActiveCfg = Release|Any CPU
		{AE45FA70-BD4B-489F-9E9B-A2AE60229597}.Release|Any CPU.Build.0 = Release|Any CPU
		{3BD57E39-7271-4F5D-AEAC-664A2C866AF8}.Debug|Any CPU.ActiveCfg = Debug|Any CPU
		{3BD57E39-7271-4F5D-AEAC-664A2C866AF8}.Debug|Any CPU.Build.0 = Debug|Any CPU
		{3BD57E39-7271-4F5D-AEAC-664A2C866AF8}.Release|Any CPU.ActiveCfg = Release|Any CPU
		{3BD57E39-7271-4F5D-AEAC-664A2C866AF8}.Release|Any CPU.Build.0 = Release|Any CPU
		{F5CB236E-2B9A-4B74-8AD8-7D0C4216131E}.Debug|Any CPU.ActiveCfg = Debug|Any CPU
		{F5CB236E-2B9A-4B74-8AD8-7D0C4216131E}.Debug|Any CPU.Build.0 = Debug|Any CPU
		{F5CB236E-2B9A-4B74-8AD8-7D0C4216131E}.Release|Any CPU.ActiveCfg = Release|Any CPU
		{F5CB236E-2B9A-4B74-8AD8-7D0C4216131E}.Release|Any CPU.Build.0 = Release|Any CPU
		{4C67CEAB-B802-4A36-8E47-ADF89CBA5EF1}.Debug|Any CPU.ActiveCfg = Debug|Any CPU
		{4C67CEAB-B802-4A36-8E47-ADF89CBA5EF1}.Debug|Any CPU.Build.0 = Debug|Any CPU
		{4C67CEAB-B802-4A36-8E47-ADF89CBA5EF1}.Release|Any CPU.ActiveCfg = Release|Any CPU
		{4C67CEAB-B802-4A36-8E47-ADF89CBA5EF1}.Release|Any CPU.Build.0 = Release|Any CPU
		{246203D4-2D90-4E23-B30E-66FA69C70E53}.Debug|Any CPU.ActiveCfg = Debug|Any CPU
		{246203D4-2D90-4E23-B30E-66FA69C70E53}.Debug|Any CPU.Build.0 = Debug|Any CPU
		{246203D4-2D90-4E23-B30E-66FA69C70E53}.Release|Any CPU.ActiveCfg = Release|Any CPU
		{246203D4-2D90-4E23-B30E-66FA69C70E53}.Release|Any CPU.Build.0 = Release|Any CPU
		{A3524961-7311-4BC3-BF3F-423B834A7AA2}.Debug|Any CPU.ActiveCfg = Debug|Any CPU
		{A3524961-7311-4BC3-BF3F-423B834A7AA2}.Debug|Any CPU.Build.0 = Debug|Any CPU
		{A3524961-7311-4BC3-BF3F-423B834A7AA2}.Release|Any CPU.ActiveCfg = Release|Any CPU
		{A3524961-7311-4BC3-BF3F-423B834A7AA2}.Release|Any CPU.Build.0 = Release|Any CPU
		{DDB42208-C511-4590-A599-6BBE6B9C0FD9}.Debug|Any CPU.ActiveCfg = Debug|Any CPU
		{DDB42208-C511-4590-A599-6BBE6B9C0FD9}.Debug|Any CPU.Build.0 = Debug|Any CPU
		{DDB42208-C511-4590-A599-6BBE6B9C0FD9}.Release|Any CPU.ActiveCfg = Release|Any CPU
		{DDB42208-C511-4590-A599-6BBE6B9C0FD9}.Release|Any CPU.Build.0 = Release|Any CPU
		{88EB922D-DE71-4A48-8438-92EC301E53F0}.Debug|Any CPU.ActiveCfg = Debug|Any CPU
		{88EB922D-DE71-4A48-8438-92EC301E53F0}.Debug|Any CPU.Build.0 = Debug|Any CPU
		{88EB922D-DE71-4A48-8438-92EC301E53F0}.Release|Any CPU.ActiveCfg = Release|Any CPU
		{88EB922D-DE71-4A48-8438-92EC301E53F0}.Release|Any CPU.Build.0 = Release|Any CPU
		{D2033E7A-A02E-42B6-A93F-6FBD8746096B}.Debug|Any CPU.ActiveCfg = Debug|Any CPU
		{D2033E7A-A02E-42B6-A93F-6FBD8746096B}.Debug|Any CPU.Build.0 = Debug|Any CPU
		{D2033E7A-A02E-42B6-A93F-6FBD8746096B}.Release|Any CPU.ActiveCfg = Release|Any CPU
		{D2033E7A-A02E-42B6-A93F-6FBD8746096B}.Release|Any CPU.Build.0 = Release|Any CPU
		{38EF564A-C05A-4889-875A-7EC1386519B1}.Debug|Any CPU.ActiveCfg = Debug|Any CPU
		{38EF564A-C05A-4889-875A-7EC1386519B1}.Debug|Any CPU.Build.0 = Debug|Any CPU
		{38EF564A-C05A-4889-875A-7EC1386519B1}.Release|Any CPU.ActiveCfg = Release|Any CPU
		{38EF564A-C05A-4889-875A-7EC1386519B1}.Release|Any CPU.Build.0 = Release|Any CPU
		{E2BB4B40-045D-41FE-BDCB-49CFC3F29CD0}.Debug|Any CPU.ActiveCfg = Debug|Any CPU
		{E2BB4B40-045D-41FE-BDCB-49CFC3F29CD0}.Debug|Any CPU.Build.0 = Debug|Any CPU
		{E2BB4B40-045D-41FE-BDCB-49CFC3F29CD0}.Release|Any CPU.ActiveCfg = Release|Any CPU
		{E2BB4B40-045D-41FE-BDCB-49CFC3F29CD0}.Release|Any CPU.Build.0 = Release|Any CPU
		{102C9647-2B6C-4994-96DF-A01F4C7701D5}.Debug|Any CPU.ActiveCfg = Debug|Any CPU
		{102C9647-2B6C-4994-96DF-A01F4C7701D5}.Debug|Any CPU.Build.0 = Debug|Any CPU
		{102C9647-2B6C-4994-96DF-A01F4C7701D5}.Release|Any CPU.ActiveCfg = Release|Any CPU
		{102C9647-2B6C-4994-96DF-A01F4C7701D5}.Release|Any CPU.Build.0 = Release|Any CPU
		{38F2D803-F647-4E7A-8868-314FCAB825A7}.Debug|Any CPU.ActiveCfg = Debug|Any CPU
		{38F2D803-F647-4E7A-8868-314FCAB825A7}.Debug|Any CPU.Build.0 = Debug|Any CPU
		{38F2D803-F647-4E7A-8868-314FCAB825A7}.Release|Any CPU.ActiveCfg = Release|Any CPU
		{38F2D803-F647-4E7A-8868-314FCAB825A7}.Release|Any CPU.Build.0 = Release|Any CPU
		{FC09A080-AC35-4AA1-8A34-2A6D0D5130C3}.Debug|Any CPU.ActiveCfg = Debug|Any CPU
		{FC09A080-AC35-4AA1-8A34-2A6D0D5130C3}.Debug|Any CPU.Build.0 = Debug|Any CPU
		{FC09A080-AC35-4AA1-8A34-2A6D0D5130C3}.Release|Any CPU.ActiveCfg = Release|Any CPU
		{FC09A080-AC35-4AA1-8A34-2A6D0D5130C3}.Release|Any CPU.Build.0 = Release|Any CPU
	EndGlobalSection
	GlobalSection(SolutionProperties) = preSolution
		HideSolutionNode = FALSE
	EndGlobalSection
	GlobalSection(NestedProjects) = preSolution
		{20E95310-030C-4CB0-B0A7-6ED0CEEB7FB7} = {02809238-3F6B-466E-AFFA-F0E426DDFA0B}
		{8C459CC3-7B74-4C41-8EB8-5986EC3DB078} = {02809238-3F6B-466E-AFFA-F0E426DDFA0B}
		{B0745DA1-0555-428C-8E6C-8F6CF14228F6} = {02809238-3F6B-466E-AFFA-F0E426DDFA0B}
		{0A2935CA-0847-4A6A-A240-4D51B8B84D4D} = {02809238-3F6B-466E-AFFA-F0E426DDFA0B}
		{85402F06-593F-458C-9E88-4B73E599D8D0} = {02809238-3F6B-466E-AFFA-F0E426DDFA0B}
		{ADF62721-220F-4A6A-A71C-F75C575D2CCF} = {02809238-3F6B-466E-AFFA-F0E426DDFA0B}
		{C3DE904C-A9B1-4E4B-90B5-5C4B5BF2DF57} = {02809238-3F6B-466E-AFFA-F0E426DDFA0B}
		{A137D07D-D15E-462C-B81E-7171FA47E00C} = {02809238-3F6B-466E-AFFA-F0E426DDFA0B}
		{8D34B647-F364-4932-B56F-538DFD03671E} = {18AC39B4-344F-4833-84B2-7E18DF4889C3}
		{69544596-B7EF-4F5E-9FA6-E36E854EBE0C} = {C5C79824-FE76-4DBC-996C-A9ED22A078E3}
		{7AF2DBD2-E483-44DD-9D72-F756EE1B0586} = {C5C79824-FE76-4DBC-996C-A9ED22A078E3}
		{47CAEA37-DB50-4224-8A87-EB28FB1BDFA7} = {C5C79824-FE76-4DBC-996C-A9ED22A078E3}
		{F4A2C93A-33DA-4214-AFE1-195EEBCDFAFD} = {C5C79824-FE76-4DBC-996C-A9ED22A078E3}
		{87B43553-CFB4-404C-9C70-2F74EC1BDF57} = {C5C79824-FE76-4DBC-996C-A9ED22A078E3}
		{B26EE536-FF81-49CB-AD89-DB27E2DB7D1E} = {C5C79824-FE76-4DBC-996C-A9ED22A078E3}
		{CB1B05AA-96C5-400B-BD0A-43C65E65AB73} = {C5C79824-FE76-4DBC-996C-A9ED22A078E3}
		{C4188320-3D3B-4A7C-85F9-906513D68B0C} = {C5C79824-FE76-4DBC-996C-A9ED22A078E3}
		{6CAD12AC-63E6-4A46-AF9A-B2CE51DA7368} = {C5C79824-FE76-4DBC-996C-A9ED22A078E3}
		{320A4B80-C606-4898-8DAA-374CE4884EC1} = {C5C79824-FE76-4DBC-996C-A9ED22A078E3}
		{50DF9523-E7B7-498E-A82D-B8E87760AB1B} = {C5C79824-FE76-4DBC-996C-A9ED22A078E3}
		{48D583CF-A020-4F7C-A51B-EF6553825019} = {C5C79824-FE76-4DBC-996C-A9ED22A078E3}
		{4E122FFA-AED8-483A-BC42-A721F3FA0378} = {C5C79824-FE76-4DBC-996C-A9ED22A078E3}
		{F19445BB-BCB3-4613-88E0-95AD271548D6} = {C5C79824-FE76-4DBC-996C-A9ED22A078E3}
		{7C31D08B-6654-47A8-BB44-B3E4E114E568} = {253214CC-2937-49F7-A69E-B75A67A86BE6}
		{A979F297-9707-4E98-A1BC-C84BB3A50309} = {253214CC-2937-49F7-A69E-B75A67A86BE6}
		{AE45FA70-BD4B-489F-9E9B-A2AE60229597} = {253214CC-2937-49F7-A69E-B75A67A86BE6}
		{3BD57E39-7271-4F5D-AEAC-664A2C866AF8} = {253214CC-2937-49F7-A69E-B75A67A86BE6}
		{F5CB236E-2B9A-4B74-8AD8-7D0C4216131E} = {253214CC-2937-49F7-A69E-B75A67A86BE6}
		{4C67CEAB-B802-4A36-8E47-ADF89CBA5EF1} = {253214CC-2937-49F7-A69E-B75A67A86BE6}
		{246203D4-2D90-4E23-B30E-66FA69C70E53} = {253214CC-2937-49F7-A69E-B75A67A86BE6}
		{A3524961-7311-4BC3-BF3F-423B834A7AA2} = {253214CC-2937-49F7-A69E-B75A67A86BE6}
		{DDB42208-C511-4590-A599-6BBE6B9C0FD9} = {253214CC-2937-49F7-A69E-B75A67A86BE6}
		{88EB922D-DE71-4A48-8438-92EC301E53F0} = {253214CC-2937-49F7-A69E-B75A67A86BE6}
		{D2033E7A-A02E-42B6-A93F-6FBD8746096B} = {5DF760D4-4DA2-4A5D-A98C-67514A4CEB02}
		{38EF564A-C05A-4889-875A-7EC1386519B1} = {5DF760D4-4DA2-4A5D-A98C-67514A4CEB02}
		{E2BB4B40-045D-41FE-BDCB-49CFC3F29CD0} = {5DF760D4-4DA2-4A5D-A98C-67514A4CEB02}
		{102C9647-2B6C-4994-96DF-A01F4C7701D5} = {5DF760D4-4DA2-4A5D-A98C-67514A4CEB02}
		{38F2D803-F647-4E7A-8868-314FCAB825A7} = {5DF760D4-4DA2-4A5D-A98C-67514A4CEB02}
		{FC09A080-AC35-4AA1-8A34-2A6D0D5130C3} = {778E8201-0A8F-45B2-A5F0-E413EAB7D92E}
	EndGlobalSection
	GlobalSection(ExtensibilityGlobals) = postSolution
		SolutionGuid = {A2719945-F9D2-4AD1-A033-50C94AB8803C}
	EndGlobalSection
EndGlobal
