
Microsoft Visual Studio Solution File, Format Version 12.00
# Visual Studio 15
VisualStudioVersion = 15.0.27004.2009
MinimumVisualStudioVersion = 10.0.40219.1
Project("{FAE04EC0-301F-11D3-BF4B-00C04F79EFBC}") = "ProcessManipulator", "17\ProcessManipulator\ProcessManipulator.csproj", "{20E95310-030C-4CB0-B0A7-6ED0CEEB7FB7}"
EndProject
Project("{2150E333-8FDC-42A3-9474-1A3956D46DE8}") = "17", "17", "{02809238-3F6B-466E-AFFA-F0E426DDFA0B}"
EndProject
Project("{FAE04EC0-301F-11D3-BF4B-00C04F79EFBC}") = "DefaultAppDomainApp", "17\DefaultAppDomainApp\DefaultAppDomainApp.csproj", "{8C459CC3-7B74-4C41-8EB8-5986EC3DB078}"
EndProject
Project("{FAE04EC0-301F-11D3-BF4B-00C04F79EFBC}") = "CustomAppDomains", "17\CustomAppDomains\CustomAppDomains.csproj", "{B0745DA1-0555-428C-8E6C-8F6CF14228F6}"
EndProject
Project("{FAE04EC0-301F-11D3-BF4B-00C04F79EFBC}") = "ObjectContextApp", "17\ObjectContextApp\ObjectContextApp.csproj", "{0A2935CA-0847-4A6A-A240-4D51B8B84D4D}"
EndProject
Project("{FAE04EC0-301F-11D3-BF4B-00C04F79EFBC}") = "ILCodeExample", "17\ILCodeExample\ILCodeExample.csproj", "{85402F06-593F-458C-9E88-4B73E599D8D0}"
EndProject
Project("{FAE04EC0-301F-11D3-BF4B-00C04F79EFBC}") = "HelloProgram", "17\HelloProgram\HelloProgram.csproj", "{ADF62721-220F-4A6A-A71C-F75C575D2CCF}"
EndProject
Project("{FAE04EC0-301F-11D3-BF4B-00C04F79EFBC}") = "CilDirectiveAndAttributes", "17\CilDirectiveAndAttributes\CilDirectiveAndAttributes.csproj", "{C3DE904C-A9B1-4E4B-90B5-5C4B5BF2DF57}"
EndProject
Project("{FAE04EC0-301F-11D3-BF4B-00C04F79EFBC}") = "CILCars", "17\CILCars\CILCars.csproj", "{A137D07D-D15E-462C-B81E-7171FA47E00C}"
EndProject
Project("{2150E333-8FDC-42A3-9474-1A3956D46DE8}") = "18", "18", "{18AC39B4-344F-4833-84B2-7E18DF4889C3}"
EndProject
Project("{FAE04EC0-301F-11D3-BF4B-00C04F79EFBC}") = "DynamicAsmBuilder", "18\DynamicAsmBuilder\DynamicAsmBuilder.csproj", "{8D34B647-F364-4932-B56F-538DFD03671E}"
EndProject
Project("{2150E333-8FDC-42A3-9474-1A3956D46DE8}") = "19", "19", "{C5C79824-FE76-4DBC-996C-A9ED22A078E3}"
EndProject
Project("{FAE04EC0-301F-11D3-BF4B-00C04F79EFBC}") = "SyncDelegateReview", "19\SyncDelegateReview\SyncDelegateReview.csproj", "{69544596-B7EF-4F5E-9FA6-E36E854EBE0C}"
EndProject
Project("{FAE04EC0-301F-11D3-BF4B-00C04F79EFBC}") = "AsyncDelegate", "19\AsyncDelegate\AsyncDelegate.csproj", "{7AF2DBD2-E483-44DD-9D72-F756EE1B0586}"
EndProject
Global
	GlobalSection(SolutionConfigurationPlatforms) = preSolution
		Debug|Any CPU = Debug|Any CPU
		Release|Any CPU = Release|Any CPU
	EndGlobalSection
	GlobalSection(ProjectConfigurationPlatforms) = postSolution
		{20E95310-030C-4CB0-B0A7-6ED0CEEB7FB7}.Debug|Any CPU.ActiveCfg = Debug|Any CPU
		{20E95310-030C-4CB0-B0A7-6ED0CEEB7FB7}.Debug|Any CPU.Build.0 = Debug|Any CPU
		{20E95310-030C-4CB0-B0A7-6ED0CEEB7FB7}.Release|Any CPU.ActiveCfg = Release|Any CPU
		{20E95310-030C-4CB0-B0A7-6ED0CEEB7FB7}.Release|Any CPU.Build.0 = Release|Any CPU
		{8C459CC3-7B74-4C41-8EB8-5986EC3DB078}.Debug|Any CPU.ActiveCfg = Debug|Any CPU
		{8C459CC3-7B74-4C41-8EB8-5986EC3DB078}.Debug|Any CPU.Build.0 = Debug|Any CPU
		{8C459CC3-7B74-4C41-8EB8-5986EC3DB078}.Release|Any CPU.ActiveCfg = Release|Any CPU
		{8C459CC3-7B74-4C41-8EB8-5986EC3DB078}.Release|Any CPU.Build.0 = Release|Any CPU
		{B0745DA1-0555-428C-8E6C-8F6CF14228F6}.Debug|Any CPU.ActiveCfg = Debug|Any CPU
		{B0745DA1-0555-428C-8E6C-8F6CF14228F6}.Debug|Any CPU.Build.0 = Debug|Any CPU
		{B0745DA1-0555-428C-8E6C-8F6CF14228F6}.Release|Any CPU.ActiveCfg = Release|Any CPU
		{B0745DA1-0555-428C-8E6C-8F6CF14228F6}.Release|Any CPU.Build.0 = Release|Any CPU
		{0A2935CA-0847-4A6A-A240-4D51B8B84D4D}.Debug|Any CPU.ActiveCfg = Debug|Any CPU
		{0A2935CA-0847-4A6A-A240-4D51B8B84D4D}.Debug|Any CPU.Build.0 = Debug|Any CPU
		{0A2935CA-0847-4A6A-A240-4D51B8B84D4D}.Release|Any CPU.ActiveCfg = Release|Any CPU
		{0A2935CA-0847-4A6A-A240-4D51B8B84D4D}.Release|Any CPU.Build.0 = Release|Any CPU
		{85402F06-593F-458C-9E88-4B73E599D8D0}.Debug|Any CPU.ActiveCfg = Debug|Any CPU
		{85402F06-593F-458C-9E88-4B73E599D8D0}.Debug|Any CPU.Build.0 = Debug|Any CPU
		{85402F06-593F-458C-9E88-4B73E599D8D0}.Release|Any CPU.ActiveCfg = Release|Any CPU
		{85402F06-593F-458C-9E88-4B73E599D8D0}.Release|Any CPU.Build.0 = Release|Any CPU
		{ADF62721-220F-4A6A-A71C-F75C575D2CCF}.Debug|Any CPU.ActiveCfg = Debug|Any CPU
		{ADF62721-220F-4A6A-A71C-F75C575D2CCF}.Debug|Any CPU.Build.0 = Debug|Any CPU
		{ADF62721-220F-4A6A-A71C-F75C575D2CCF}.Release|Any CPU.ActiveCfg = Release|Any CPU
		{ADF62721-220F-4A6A-A71C-F75C575D2CCF}.Release|Any CPU.Build.0 = Release|Any CPU
		{C3DE904C-A9B1-4E4B-90B5-5C4B5BF2DF57}.Debug|Any CPU.ActiveCfg = Debug|Any CPU
		{C3DE904C-A9B1-4E4B-90B5-5C4B5BF2DF57}.Debug|Any CPU.Build.0 = Debug|Any CPU
		{C3DE904C-A9B1-4E4B-90B5-5C4B5BF2DF57}.Release|Any CPU.ActiveCfg = Release|Any CPU
		{C3DE904C-A9B1-4E4B-90B5-5C4B5BF2DF57}.Release|Any CPU.Build.0 = Release|Any CPU
		{A137D07D-D15E-462C-B81E-7171FA47E00C}.Debug|Any CPU.ActiveCfg = Debug|Any CPU
		{A137D07D-D15E-462C-B81E-7171FA47E00C}.Debug|Any CPU.Build.0 = Debug|Any CPU
		{A137D07D-D15E-462C-B81E-7171FA47E00C}.Release|Any CPU.ActiveCfg = Release|Any CPU
		{A137D07D-D15E-462C-B81E-7171FA47E00C}.Release|Any CPU.Build.0 = Release|Any CPU
		{8D34B647-F364-4932-B56F-538DFD03671E}.Debug|Any CPU.ActiveCfg = Debug|Any CPU
		{8D34B647-F364-4932-B56F-538DFD03671E}.Debug|Any CPU.Build.0 = Debug|Any CPU
		{8D34B647-F364-4932-B56F-538DFD03671E}.Release|Any CPU.ActiveCfg = Release|Any CPU
		{8D34B647-F364-4932-B56F-538DFD03671E}.Release|Any CPU.Build.0 = Release|Any CPU
		{69544596-B7EF-4F5E-9FA6-E36E854EBE0C}.Debug|Any CPU.ActiveCfg = Debug|Any CPU
		{69544596-B7EF-4F5E-9FA6-E36E854EBE0C}.Debug|Any CPU.Build.0 = Debug|Any CPU
		{69544596-B7EF-4F5E-9FA6-E36E854EBE0C}.Release|Any CPU.ActiveCfg = Release|Any CPU
		{69544596-B7EF-4F5E-9FA6-E36E854EBE0C}.Release|Any CPU.Build.0 = Release|Any CPU
		{7AF2DBD2-E483-44DD-9D72-F756EE1B0586}.Debug|Any CPU.ActiveCfg = Debug|Any CPU
		{7AF2DBD2-E483-44DD-9D72-F756EE1B0586}.Debug|Any CPU.Build.0 = Debug|Any CPU
		{7AF2DBD2-E483-44DD-9D72-F756EE1B0586}.Release|Any CPU.ActiveCfg = Release|Any CPU
		{7AF2DBD2-E483-44DD-9D72-F756EE1B0586}.Release|Any CPU.Build.0 = Release|Any CPU
	EndGlobalSection
	GlobalSection(SolutionProperties) = preSolution
		HideSolutionNode = FALSE
	EndGlobalSection
	GlobalSection(NestedProjects) = preSolution
		{20E95310-030C-4CB0-B0A7-6ED0CEEB7FB7} = {02809238-3F6B-466E-AFFA-F0E426DDFA0B}
		{8C459CC3-7B74-4C41-8EB8-5986EC3DB078} = {02809238-3F6B-466E-AFFA-F0E426DDFA0B}
		{B0745DA1-0555-428C-8E6C-8F6CF14228F6} = {02809238-3F6B-466E-AFFA-F0E426DDFA0B}
		{0A2935CA-0847-4A6A-A240-4D51B8B84D4D} = {02809238-3F6B-466E-AFFA-F0E426DDFA0B}
		{85402F06-593F-458C-9E88-4B73E599D8D0} = {02809238-3F6B-466E-AFFA-F0E426DDFA0B}
		{ADF62721-220F-4A6A-A71C-F75C575D2CCF} = {02809238-3F6B-466E-AFFA-F0E426DDFA0B}
		{C3DE904C-A9B1-4E4B-90B5-5C4B5BF2DF57} = {02809238-3F6B-466E-AFFA-F0E426DDFA0B}
		{A137D07D-D15E-462C-B81E-7171FA47E00C} = {02809238-3F6B-466E-AFFA-F0E426DDFA0B}
		{8D34B647-F364-4932-B56F-538DFD03671E} = {18AC39B4-344F-4833-84B2-7E18DF4889C3}
		{69544596-B7EF-4F5E-9FA6-E36E854EBE0C} = {C5C79824-FE76-4DBC-996C-A9ED22A078E3}
		{7AF2DBD2-E483-44DD-9D72-F756EE1B0586} = {C5C79824-FE76-4DBC-996C-A9ED22A078E3}
	EndGlobalSection
	GlobalSection(ExtensibilityGlobals) = postSolution
		SolutionGuid = {A2719945-F9D2-4AD1-A033-50C94AB8803C}
	EndGlobalSection
EndGlobal
