
Microsoft Visual Studio Solution File, Format Version 12.00
# Visual Studio 15
VisualStudioVersion = 15.0.27004.2010
MinimumVisualStudioVersion = 10.0.40219.1
Project("{FAE04EC0-301F-11D3-BF4B-00C04F79EFBC}") = "ProcessManipulator", "17\ProcessManipulator\ProcessManipulator.csproj", "{20E95310-030C-4CB0-B0A7-6ED0CEEB7FB7}"
EndProject
Project("{2150E333-8FDC-42A3-9474-1A3956D46DE8}") = "17", "17", "{02809238-3F6B-466E-AFFA-F0E426DDFA0B}"
EndProject
Project("{FAE04EC0-301F-11D3-BF4B-00C04F79EFBC}") = "DefaultAppDomainApp", "17\DefaultAppDomainApp\DefaultAppDomainApp.csproj", "{8C459CC3-7B74-4C41-8EB8-5986EC3DB078}"
EndProject
Project("{FAE04EC0-301F-11D3-BF4B-00C04F79EFBC}") = "CustomAppDomains", "17\CustomAppDomains\CustomAppDomains.csproj", "{B0745DA1-0555-428C-8E6C-8F6CF14228F6}"
EndProject
Project("{FAE04EC0-301F-11D3-BF4B-00C04F79EFBC}") = "ObjectContextApp", "17\ObjectContextApp\ObjectContextApp.csproj", "{0A2935CA-0847-4A6A-A240-4D51B8B84D4D}"
EndProject
Project("{FAE04EC0-301F-11D3-BF4B-00C04F79EFBC}") = "ILCodeExample", "17\ILCodeExample\ILCodeExample.csproj", "{85402F06-593F-458C-9E88-4B73E599D8D0}"
EndProject
Project("{FAE04EC0-301F-11D3-BF4B-00C04F79EFBC}") = "HelloProgram", "17\HelloProgram\HelloProgram.csproj", "{ADF62721-220F-4A6A-A71C-F75C575D2CCF}"
EndProject
Project("{FAE04EC0-301F-11D3-BF4B-00C04F79EFBC}") = "CilDirectiveAndAttributes", "17\CilDirectiveAndAttributes\CilDirectiveAndAttributes.csproj", "{C3DE904C-A9B1-4E4B-90B5-5C4B5BF2DF57}"
EndProject
Project("{FAE04EC0-301F-11D3-BF4B-00C04F79EFBC}") = "CILCars", "17\CILCars\CILCars.csproj", "{A137D07D-D15E-462C-B81E-7171FA47E00C}"
EndProject
Project("{2150E333-8FDC-42A3-9474-1A3956D46DE8}") = "18", "18", "{18AC39B4-344F-4833-84B2-7E18DF4889C3}"
EndProject
Project("{FAE04EC0-301F-11D3-BF4B-00C04F79EFBC}") = "DynamicAsmBuilder", "18\DynamicAsmBuilder\DynamicAsmBuilder.csproj", "{8D34B647-F364-4932-B56F-538DFD03671E}"
EndProject
Project("{2150E333-8FDC-42A3-9474-1A3956D46DE8}") = "19", "19", "{C5C79824-FE76-4DBC-996C-A9ED22A078E3}"
	ProjectSection(SolutionItems) = preProject
		19\Printer class.txt = 19\Printer class.txt
	EndProjectSection
EndProject
Project("{FAE04EC0-301F-11D3-BF4B-00C04F79EFBC}") = "SyncDelegateReview", "19\SyncDelegateReview\SyncDelegateReview.csproj", "{69544596-B7EF-4F5E-9FA6-E36E854EBE0C}"
EndProject
Project("{FAE04EC0-301F-11D3-BF4B-00C04F79EFBC}") = "AsyncDelegate", "19\AsyncDelegate\AsyncDelegate.csproj", "{7AF2DBD2-E483-44DD-9D72-F756EE1B0586}"
EndProject
Project("{FAE04EC0-301F-11D3-BF4B-00C04F79EFBC}") = "AsyncCallbackDelegate", "19\AsyncCallbackDelegate\AsyncCallbackDelegate.csproj", "{47CAEA37-DB50-4224-8A87-EB28FB1BDFA7}"
EndProject
Project("{FAE04EC0-301F-11D3-BF4B-00C04F79EFBC}") = "ThreadStats", "19\ThreadStats\ThreadStats.csproj", "{F4A2C93A-33DA-4214-AFE1-195EEBCDFAFD}"
EndProject
Project("{FAE04EC0-301F-11D3-BF4B-00C04F79EFBC}") = "SimpleMultiThreadApp", "19\SimpleMultiThreadApp\SimpleMultiThreadApp.csproj", "{87B43553-CFB4-404C-9C70-2F74EC1BDF57}"
EndProject
Project("{FAE04EC0-301F-11D3-BF4B-00C04F79EFBC}") = "AddWithThreads", "19\AddWithThreads\AddWithThreads.csproj", "{B26EE536-FF81-49CB-AD89-DB27E2DB7D1E}"
EndProject
Project("{FAE04EC0-301F-11D3-BF4B-00C04F79EFBC}") = "MultiThreadedPrinting", "19\MultiThreadedPrinting\MultiThreadedPrinting.csproj", "{CB1B05AA-96C5-400B-BD0A-43C65E65AB73}"
EndProject
Project("{FAE04EC0-301F-11D3-BF4B-00C04F79EFBC}") = "TimerApp", "19\TimerApp\TimerApp.csproj", "{C4188320-3D3B-4A7C-85F9-906513D68B0C}"
EndProject
Project("{FAE04EC0-301F-11D3-BF4B-00C04F79EFBC}") = "ThreadPoolApp", "19\ThreadPoolApp\ThreadPoolApp.csproj", "{6CAD12AC-63E6-4A46-AF9A-B2CE51DA7368}"
EndProject
Project("{FAE04EC0-301F-11D3-BF4B-00C04F79EFBC}") = "DataParallelismWithForEach", "19\DataParallelismWithForEach\DataParallelismWithForEach.csproj", "{320A4B80-C606-4898-8DAA-374CE4884EC1}"
EndProject
Project("{FAE04EC0-301F-11D3-BF4B-00C04F79EFBC}") = "MyEBookReader", "19\MyEBookReader\MyEBookReader.csproj", "{50DF9523-E7B7-498E-A82D-B8E87760AB1B}"
EndProject
Project("{FAE04EC0-301F-11D3-BF4B-00C04F79EFBC}") = "PLINQDataProcessingWithCancellation", "19\PLINQDataProcessingWithCancellation\PLINQDataProcessingWithCancellation.csproj", "{48D583CF-A020-4F7C-A51B-EF6553825019}"
EndProject
Project("{FAE04EC0-301F-11D3-BF4B-00C04F79EFBC}") = "FunWithCSharpAsync", "19\FunWithCSharpAsync\FunWithCSharpAsync.csproj", "{4E122FFA-AED8-483A-BC42-A721F3FA0378}"
EndProject
Project("{FAE04EC0-301F-11D3-BF4B-00C04F79EFBC}") = "AddWithThreadsByAsyncAndAwait", "19\AddWithThreadsByAsyncAndAwait\AddWithThreadsByAsyncAndAwait.csproj", "{F19445BB-BCB3-4613-88E0-95AD271548D6}"
EndProject
Project("{2150E333-8FDC-42A3-9474-1A3956D46DE8}") = "20", "20", "{253214CC-2937-49F7-A69E-B75A67A86BE6}"
EndProject
Project("{FAE04EC0-301F-11D3-BF4B-00C04F79EFBC}") = "DirectoryApp", "20\DirectoryApp\DirectoryApp.csproj", "{7C31D08B-6654-47A8-BB44-B3E4E114E568}"
EndProject
Project("{FAE04EC0-301F-11D3-BF4B-00C04F79EFBC}") = "DriveInfoApp", "20\DriveInfoApp\DriveInfoApp.csproj", "{A979F297-9707-4E98-A1BC-C84BB3A50309}"
EndProject
Project("{FAE04EC0-301F-11D3-BF4B-00C04F79EFBC}") = "SimpleFileIO", "20\SimpleFileIO\SimpleFileIO.csproj", "{AE45FA70-BD4B-489F-9E9B-A2AE60229597}"
EndProject
Project("{FAE04EC0-301F-11D3-BF4B-00C04F79EFBC}") = "FileStreamApp", "20\FileStreamApp\FileStreamApp.csproj", "{3BD57E39-7271-4F5D-AEAC-664A2C866AF8}"
EndProject
Project("{FAE04EC0-301F-11D3-BF4B-00C04F79EFBC}") = "StreamWriterReaderApp", "20\StreamWriterReaderApp\StreamWriterReaderApp.csproj", "{F5CB236E-2B9A-4B74-8AD8-7D0C4216131E}"
EndProject
Project("{FAE04EC0-301F-11D3-BF4B-00C04F79EFBC}") = "StringReaderWriterApp", "20\StringReaderWriterApp\StringReaderWriterApp.csproj", "{4C67CEAB-B802-4A36-8E47-ADF89CBA5EF1}"
EndProject
Project("{FAE04EC0-301F-11D3-BF4B-00C04F79EFBC}") = "BinaryWriterReader", "20\BinaryWriterReader\BinaryWriterReader.csproj", "{246203D4-2D90-4E23-B30E-66FA69C70E53}"
EndProject
Project("{FAE04EC0-301F-11D3-BF4B-00C04F79EFBC}") = "MyDirectoryWatcher", "20\MyDirectoryWatcher\MyDirectoryWatcher.csproj", "{A3524961-7311-4BC3-BF3F-423B834A7AA2}"
EndProject
Project("{FAE04EC0-301F-11D3-BF4B-00C04F79EFBC}") = "SimpleSerialize", "20\SimpleSerialize\SimpleSerialize.csproj", "{DDB42208-C511-4590-A599-6BBE6B9C0FD9}"
EndProject
Project("{FAE04EC0-301F-11D3-BF4B-00C04F79EFBC}") = "CustomSerialization", "20\CustomSerialization\CustomSerialization.csproj", "{88EB922D-DE71-4A48-8438-92EC301E53F0}"
EndProject
Project("{2150E333-8FDC-42A3-9474-1A3956D46DE8}") = "13", "13", "{5DF760D4-4DA2-4A5D-A98C-67514A4CEB02}"
EndProject
Project("{FAE04EC0-301F-11D3-BF4B-00C04F79EFBC}") = "SimpleGC", "13\SimpleGC\SimpleGC.csproj", "{D2033E7A-A02E-42B6-A93F-6FBD8746096B}"
EndProject
Project("{FAE04EC0-301F-11D3-BF4B-00C04F79EFBC}") = "SimpleFinalize", "13\SimpleFinalize\SimpleFinalize.csproj", "{38EF564A-C05A-4889-875A-7EC1386519B1}"
EndProject
Project("{FAE04EC0-301F-11D3-BF4B-00C04F79EFBC}") = "SimpleDispose", "13\SimpleDispose\SimpleDispose.csproj", "{E2BB4B40-045D-41FE-BDCB-49CFC3F29CD0}"
EndProject
Project("{FAE04EC0-301F-11D3-BF4B-00C04F79EFBC}") = "FinalizableDisposableClass", "13\FinalizableDisposableClass\FinalizableDisposableClass.csproj", "{102C9647-2B6C-4994-96DF-A01F4C7701D5}"
EndProject
Project("{FAE04EC0-301F-11D3-BF4B-00C04F79EFBC}") = "LazyObjectInstantiation", "13\LazyObjectInstantiation\LazyObjectInstantiation.csproj", "{38F2D803-F647-4E7A-8868-314FCAB825A7}"
EndProject
Project("{2150E333-8FDC-42A3-9474-1A3956D46DE8}") = "14", "14", "{778E8201-0A8F-45B2-A5F0-E413EAB7D92E}"
EndProject
Project("{9A19103F-16F7-4668-BE54-9A1E7A4F7556}") = "CustomNamespaces", "14\CustomNamespaces\CustomNamespaces.csproj", "{FC09A080-AC35-4AA1-8A34-2A6D0D5130C3}"
EndProject
Project("{FAE04EC0-301F-11D3-BF4B-00C04F79EFBC}") = "CarLibrary", "14\CarLibrary\CarLibrary.csproj", "{33EE7970-08F2-43E3-890D-5C24CFADF079}"
EndProject
Project("{FAE04EC0-301F-11D3-BF4B-00C04F79EFBC}") = "CSharpCarClient", "14\CSharpCarClient\CSharpCarClient.csproj", "{19EE64E6-80D3-438E-85C1-7B596F2481C2}"
EndProject
Project("{FAE04EC0-301F-11D3-BF4B-00C04F79EFBC}") = "SharedCarLibClient", "14\SharedCarLibClient\SharedCarLibClient.csproj", "{698BA8FC-019B-4226-BF73-35B745E3437D}"
EndProject
Project("{FAE04EC0-301F-11D3-BF4B-00C04F79EFBC}") = "CodeBaseClient", "14\CodeBaseClient\CodeBaseClient.csproj", "{E12D1F36-304C-42D4-8106-821C6857313F}"
EndProject
Project("{FAE04EC0-301F-11D3-BF4B-00C04F79EFBC}") = "AppConfigReaderApp", "14\AppConfigReaderApp\AppConfigReaderApp.csproj", "{E71731CC-7D96-4B60-95B7-18DAB7315127}"
EndProject
Project("{2150E333-8FDC-42A3-9474-1A3956D46DE8}") = "15", "15", "{325DBB7D-ACC0-4E11-A2D3-9FE41EAB7AA3}"
EndProject
Project("{FAE04EC0-301F-11D3-BF4B-00C04F79EFBC}") = "MyTypeViewer", "15\MyTypeViewer\MyTypeViewer.csproj", "{DE9384C0-389B-4559-896A-E6429A5EBF69}"
EndProject
Project("{FAE04EC0-301F-11D3-BF4B-00C04F79EFBC}") = "ExternalAssemblyReflector", "15\ExternalAssemblyReflector\ExternalAssemblyReflector.csproj", "{B3F8D793-6445-4DAE-94FB-D14842DFF9D5}"
EndProject
Project("{FAE04EC0-301F-11D3-BF4B-00C04F79EFBC}") = "SharedAsmReflector", "15\SharedAsmReflector\SharedAsmReflector.csproj", "{9DE881BD-D4FC-4276-998A-CFADB5E9F5D9}"
EndProject
Project("{FAE04EC0-301F-11D3-BF4B-00C04F79EFBC}") = "LateBindingApp", "15\LateBindingApp\LateBindingApp.csproj", "{3EE32AAD-FC95-43E8-B4B0-F0BF5DB15912}"
EndProject
Project("{FAE04EC0-301F-11D3-BF4B-00C04F79EFBC}") = "ApplyingAttributes", "15\ApplyingAttributes\ApplyingAttributes.csproj", "{47F8BD6F-B665-48C6-A48F-2A33C0B3C339}"
EndProject
Project("{FAE04EC0-301F-11D3-BF4B-00C04F79EFBC}") = "AttributedCarLibrary", "15\AttributedCarLibrary\AttributedCarLibrary.csproj", "{29718388-EF46-40EF-B21C-FE9B34349800}"
EndProject
Project("{FAE04EC0-301F-11D3-BF4B-00C04F79EFBC}") = "VehicleDescriptionAttributeReader", "15\VehicleDescriptionAttributeReader\VehicleDescriptionAttributeReader.csproj", "{64C09A7F-CDD4-4290-8871-35B12FD0CCEE}"
EndProject
Project("{FAE04EC0-301F-11D3-BF4B-00C04F79EFBC}") = "VehicleDescriptionAttributeReaderLateBinding", "15\VehicleDescriptionAttributeReaderLateBinding\VehicleDescriptionAttributeReaderLateBinding.csproj", "{A6D54573-467F-4835-9A9D-7D9FAFE6D2BC}"
EndProject
Project("{FAE04EC0-301F-11D3-BF4B-00C04F79EFBC}") = "CommonSnappableTypes", "15\CommonSnappableTypes\CommonSnappableTypes.csproj", "{6415F195-44B6-4104-B907-41BCC2868154}"
EndProject
Project("{FAE04EC0-301F-11D3-BF4B-00C04F79EFBC}") = "CSharpSnapIn", "15\CSharpSnapIn\CSharpSnapIn.csproj", "{5445D617-8763-4BA1-8BEC-7F3BE0876C40}"
EndProject
Project("{FAE04EC0-301F-11D3-BF4B-00C04F79EFBC}") = "MyExtendableApp", "15\MyExtendableApp\MyExtendableApp.csproj", "{23007875-6EAE-4111-9C58-5D9F2D201D09}"
EndProject
Project("{2150E333-8FDC-42A3-9474-1A3956D46DE8}") = "16", "16", "{BE6CF069-6727-4320-84FE-D7E34AA86BEB}"
EndProject
Project("{FAE04EC0-301F-11D3-BF4B-00C04F79EFBC}") = "DynamicKeyword", "16\DynamicKeyword\DynamicKeyword.csproj", "{7AB63199-E724-4249-BC9B-73E1813A317D}"
EndProject
Project("{FAE04EC0-301F-11D3-BF4B-00C04F79EFBC}") = "LateBindingWithDynamic", "16\LateBindingWithDynamic\LateBindingWithDynamic.csproj", "{52A37438-06C3-4242-BF08-A7DB38ECBC1B}"
EndProject
Project("{FAE04EC0-301F-11D3-BF4B-00C04F79EFBC}") = "MathLibrary", "16\MathLibrary\MathLibrary.csproj", "{06AFB007-A689-4B88-9846-DE507D09D82A}"
EndProject
Project("{FAE04EC0-301F-11D3-BF4B-00C04F79EFBC}") = "ExportDataToOfficeApp", "16\ExportDataToOfficeApp\ExportDataToOfficeApp.csproj", "{7F647B9B-FD4E-4C17-A9C6-315272A84E3B}"
EndProject
Project("{2150E333-8FDC-42A3-9474-1A3956D46DE8}") = "09", "09", "{2D2E7F5C-1DED-448E-B72B-180AA6BBE33E}"
EndProject
Project("{FAE04EC0-301F-11D3-BF4B-00C04F79EFBC}") = "IssuesWithNonGenericCollections", "09\IssuesWithNonGenericCollections\IssuesWithNonGenericCollections.csproj", "{0012F810-8751-4C08-B3C4-0D1041B71027}"
EndProject
Project("{FAE04EC0-301F-11D3-BF4B-00C04F79EFBC}") = "FunWithGenericCollections", "09\FunWithGenericCollections\FunWithGenericCollections.csproj", "{0140B5FB-9A75-4DBB-B849-3A0F7D700B05}"
EndProject
Project("{FAE04EC0-301F-11D3-BF4B-00C04F79EFBC}") = "FunWithObservableCollection", "09\FunWithObservableCollection\FunWithObservableCollection.csproj", "{D84F7783-5B99-45B9-96BA-6AFFF6A95EA9}"
EndProject
Project("{FAE04EC0-301F-11D3-BF4B-00C04F79EFBC}") = "CustomGenericMethods", "09\CustomGenericMethods\CustomGenericMethods.csproj", "{ADB9E4C5-4A27-49D7-9219-3AF7777DF9E6}"
EndProject
Project("{FAE04EC0-301F-11D3-BF4B-00C04F79EFBC}") = "GenericPoint", "09\GenericPoint\GenericPoint.csproj", "{43E16092-7730-4075-94A1-D3709B42D896}"
EndProject
Project("{2150E333-8FDC-42A3-9474-1A3956D46DE8}") = "02", "02", "{5E55810D-BF9B-4685-A913-650E281F4C57}"
EndProject
Project("{FAE04EC0-301F-11D3-BF4B-00C04F79EFBC}") = "VisualTypeDesignerApp", "02\VisualTypeDesignerApp\VisualTypeDesignerApp.csproj", "{9CB327C6-6144-42CF-ABD5-28C339354BA0}"
EndProject
Project("{2150E333-8FDC-42A3-9474-1A3956D46DE8}") = "03", "03", "{431E2C97-F15E-4472-ABBE-A766F3459284}"
EndProject
Project("{FAE04EC0-301F-11D3-BF4B-00C04F79EFBC}") = "FunWithStrings", "03\FunWithStrings\FunWithStrings.csproj", "{DD96AA15-0E4E-4285-AB84-4614CF823014}"
EndProject
Project("{FAE04EC0-301F-11D3-BF4B-00C04F79EFBC}") = "TypeConversions", "03\TypeConversions\TypeConversions.csproj", "{5765BC1E-5468-456C-A1C9-AD9D6F77E1DF}"
EndProject
Project("{FAE04EC0-301F-11D3-BF4B-00C04F79EFBC}") = "ImplicitlyTypedLocalVars", "03\ImplicitlyTypedLocalVars\ImplicitlyTypedLocalVars.csproj", "{D70329FB-21FA-429D-85D8-386EB055ABF8}"
EndProject
Project("{2150E333-8FDC-42A3-9474-1A3956D46DE8}") = "04", "04", "{4D973AC7-FCC1-49A8-99DE-09970CD2AEC0}"
EndProject
Project("{FAE04EC0-301F-11D3-BF4B-00C04F79EFBC}") = "FunWithMethods", "04\FunWithMethods\FunWithMethods.csproj", "{DEAC2296-8DA8-44F0-BFAA-149DB34AEEFC}"
EndProject
Project("{FAE04EC0-301F-11D3-BF4B-00C04F79EFBC}") = "MethodOverloading", "04\MethodOverloading\MethodOverloading.csproj", "{5AB3A597-64F8-4C0E-B659-57144267A598}"
EndProject
Project("{FAE04EC0-301F-11D3-BF4B-00C04F79EFBC}") = "FunWithArrays", "04\FunWithArrays\FunWithArrays.csproj", "{049E8AB3-9283-44E1-A7BC-B28596B63E63}"
EndProject
Project("{FAE04EC0-301F-11D3-BF4B-00C04F79EFBC}") = "FunWithEnums", "04\FunWithEnums\FunWithEnums.csproj", "{F545EBAF-8F70-4415-9B18-66AD7C37C08F}"
EndProject
Project("{FAE04EC0-301F-11D3-BF4B-00C04F79EFBC}") = "FunWithStructures", "04\FunWithStructures\FunWithStructures.csproj", "{9E710765-E379-43FB-B5D4-1AC3B1118215}"
EndProject
Project("{FAE04EC0-301F-11D3-BF4B-00C04F79EFBC}") = "ValueAndReferenceTypes", "04\ValueAndReferenceTypes\ValueAndReferenceTypes.csproj", "{65860BC0-62C3-4FB3-9DC9-709D1EF028F1}"
EndProject
Project("{FAE04EC0-301F-11D3-BF4B-00C04F79EFBC}") = "RefTypeValTypeParams", "04\RefTypeValTypeParams\RefTypeValTypeParams.csproj", "{91E6A4AE-F16C-43E9-BB4E-AC93819D0E26}"
EndProject
Project("{FAE04EC0-301F-11D3-BF4B-00C04F79EFBC}") = "NullableTypes", "04\NullableTypes\NullableTypes.csproj", "{002031D3-B22A-4C1B-B26F-A84803D5D5BC}"
EndProject
Project("{2150E333-8FDC-42A3-9474-1A3956D46DE8}") = "05", "05", "{B2EFC743-4E15-4BAC-ACD2-3270C4F518ED}"
EndProject
Project("{FAE04EC0-301F-11D3-BF4B-00C04F79EFBC}") = "SimpleClassExample", "05\SimpleClassExample\SimpleClassExample.csproj", "{1999DF0C-F09B-45D5-887A-5FF01C9D6C7A}"
EndProject
Project("{FAE04EC0-301F-11D3-BF4B-00C04F79EFBC}") = "StaticDataAndMembers", "05\StaticDataAndMembers\StaticDataAndMembers.csproj", "{F4E69872-E667-4A46-B765-A5A9A1574BC1}"
EndProject
Project("{FAE04EC0-301F-11D3-BF4B-00C04F79EFBC}") = "SimpleUtilityClass", "05\SimpleUtilityClass\SimpleUtilityClass.csproj", "{8D759C85-2386-44A4-BA81-D170182352F8}"
EndProject
Project("{FAE04EC0-301F-11D3-BF4B-00C04F79EFBC}") = "EmployeeApp", "05\EmployeeApp\EmployeeApp.csproj", "{89F97AF2-A4BF-4817-926B-1EF808EE2E18}"
EndProject
Global
	GlobalSection(SolutionConfigurationPlatforms) = preSolution
		Debug|Any CPU = Debug|Any CPU
		Release|Any CPU = Release|Any CPU
	EndGlobalSection
	GlobalSection(ProjectConfigurationPlatforms) = postSolution
		{20E95310-030C-4CB0-B0A7-6ED0CEEB7FB7}.Debug|Any CPU.ActiveCfg = Debug|Any CPU
		{20E95310-030C-4CB0-B0A7-6ED0CEEB7FB7}.Debug|Any CPU.Build.0 = Debug|Any CPU
		{20E95310-030C-4CB0-B0A7-6ED0CEEB7FB7}.Release|Any CPU.ActiveCfg = Release|Any CPU
		{20E95310-030C-4CB0-B0A7-6ED0CEEB7FB7}.Release|Any CPU.Build.0 = Release|Any CPU
		{8C459CC3-7B74-4C41-8EB8-5986EC3DB078}.Debug|Any CPU.ActiveCfg = Debug|Any CPU
		{8C459CC3-7B74-4C41-8EB8-5986EC3DB078}.Debug|Any CPU.Build.0 = Debug|Any CPU
		{8C459CC3-7B74-4C41-8EB8-5986EC3DB078}.Release|Any CPU.ActiveCfg = Release|Any CPU
		{8C459CC3-7B74-4C41-8EB8-5986EC3DB078}.Release|Any CPU.Build.0 = Release|Any CPU
		{B0745DA1-0555-428C-8E6C-8F6CF14228F6}.Debug|Any CPU.ActiveCfg = Debug|Any CPU
		{B0745DA1-0555-428C-8E6C-8F6CF14228F6}.Debug|Any CPU.Build.0 = Debug|Any CPU
		{B0745DA1-0555-428C-8E6C-8F6CF14228F6}.Release|Any CPU.ActiveCfg = Release|Any CPU
		{B0745DA1-0555-428C-8E6C-8F6CF14228F6}.Release|Any CPU.Build.0 = Release|Any CPU
		{0A2935CA-0847-4A6A-A240-4D51B8B84D4D}.Debug|Any CPU.ActiveCfg = Debug|Any CPU
		{0A2935CA-0847-4A6A-A240-4D51B8B84D4D}.Debug|Any CPU.Build.0 = Debug|Any CPU
		{0A2935CA-0847-4A6A-A240-4D51B8B84D4D}.Release|Any CPU.ActiveCfg = Release|Any CPU
		{0A2935CA-0847-4A6A-A240-4D51B8B84D4D}.Release|Any CPU.Build.0 = Release|Any CPU
		{85402F06-593F-458C-9E88-4B73E599D8D0}.Debug|Any CPU.ActiveCfg = Debug|Any CPU
		{85402F06-593F-458C-9E88-4B73E599D8D0}.Debug|Any CPU.Build.0 = Debug|Any CPU
		{85402F06-593F-458C-9E88-4B73E599D8D0}.Release|Any CPU.ActiveCfg = Release|Any CPU
		{85402F06-593F-458C-9E88-4B73E599D8D0}.Release|Any CPU.Build.0 = Release|Any CPU
		{ADF62721-220F-4A6A-A71C-F75C575D2CCF}.Debug|Any CPU.ActiveCfg = Debug|Any CPU
		{ADF62721-220F-4A6A-A71C-F75C575D2CCF}.Debug|Any CPU.Build.0 = Debug|Any CPU
		{ADF62721-220F-4A6A-A71C-F75C575D2CCF}.Release|Any CPU.ActiveCfg = Release|Any CPU
		{ADF62721-220F-4A6A-A71C-F75C575D2CCF}.Release|Any CPU.Build.0 = Release|Any CPU
		{C3DE904C-A9B1-4E4B-90B5-5C4B5BF2DF57}.Debug|Any CPU.ActiveCfg = Debug|Any CPU
		{C3DE904C-A9B1-4E4B-90B5-5C4B5BF2DF57}.Debug|Any CPU.Build.0 = Debug|Any CPU
		{C3DE904C-A9B1-4E4B-90B5-5C4B5BF2DF57}.Release|Any CPU.ActiveCfg = Release|Any CPU
		{C3DE904C-A9B1-4E4B-90B5-5C4B5BF2DF57}.Release|Any CPU.Build.0 = Release|Any CPU
		{A137D07D-D15E-462C-B81E-7171FA47E00C}.Debug|Any CPU.ActiveCfg = Debug|Any CPU
		{A137D07D-D15E-462C-B81E-7171FA47E00C}.Debug|Any CPU.Build.0 = Debug|Any CPU
		{A137D07D-D15E-462C-B81E-7171FA47E00C}.Release|Any CPU.ActiveCfg = Release|Any CPU
		{A137D07D-D15E-462C-B81E-7171FA47E00C}.Release|Any CPU.Build.0 = Release|Any CPU
		{8D34B647-F364-4932-B56F-538DFD03671E}.Debug|Any CPU.ActiveCfg = Debug|Any CPU
		{8D34B647-F364-4932-B56F-538DFD03671E}.Debug|Any CPU.Build.0 = Debug|Any CPU
		{8D34B647-F364-4932-B56F-538DFD03671E}.Release|Any CPU.ActiveCfg = Release|Any CPU
		{8D34B647-F364-4932-B56F-538DFD03671E}.Release|Any CPU.Build.0 = Release|Any CPU
		{69544596-B7EF-4F5E-9FA6-E36E854EBE0C}.Debug|Any CPU.ActiveCfg = Debug|Any CPU
		{69544596-B7EF-4F5E-9FA6-E36E854EBE0C}.Debug|Any CPU.Build.0 = Debug|Any CPU
		{69544596-B7EF-4F5E-9FA6-E36E854EBE0C}.Release|Any CPU.ActiveCfg = Release|Any CPU
		{69544596-B7EF-4F5E-9FA6-E36E854EBE0C}.Release|Any CPU.Build.0 = Release|Any CPU
		{7AF2DBD2-E483-44DD-9D72-F756EE1B0586}.Debug|Any CPU.ActiveCfg = Debug|Any CPU
		{7AF2DBD2-E483-44DD-9D72-F756EE1B0586}.Debug|Any CPU.Build.0 = Debug|Any CPU
		{7AF2DBD2-E483-44DD-9D72-F756EE1B0586}.Release|Any CPU.ActiveCfg = Release|Any CPU
		{7AF2DBD2-E483-44DD-9D72-F756EE1B0586}.Release|Any CPU.Build.0 = Release|Any CPU
		{47CAEA37-DB50-4224-8A87-EB28FB1BDFA7}.Debug|Any CPU.ActiveCfg = Debug|Any CPU
		{47CAEA37-DB50-4224-8A87-EB28FB1BDFA7}.Debug|Any CPU.Build.0 = Debug|Any CPU
		{47CAEA37-DB50-4224-8A87-EB28FB1BDFA7}.Release|Any CPU.ActiveCfg = Release|Any CPU
		{47CAEA37-DB50-4224-8A87-EB28FB1BDFA7}.Release|Any CPU.Build.0 = Release|Any CPU
		{F4A2C93A-33DA-4214-AFE1-195EEBCDFAFD}.Debug|Any CPU.ActiveCfg = Debug|Any CPU
		{F4A2C93A-33DA-4214-AFE1-195EEBCDFAFD}.Debug|Any CPU.Build.0 = Debug|Any CPU
		{F4A2C93A-33DA-4214-AFE1-195EEBCDFAFD}.Release|Any CPU.ActiveCfg = Release|Any CPU
		{F4A2C93A-33DA-4214-AFE1-195EEBCDFAFD}.Release|Any CPU.Build.0 = Release|Any CPU
		{87B43553-CFB4-404C-9C70-2F74EC1BDF57}.Debug|Any CPU.ActiveCfg = Debug|Any CPU
		{87B43553-CFB4-404C-9C70-2F74EC1BDF57}.Debug|Any CPU.Build.0 = Debug|Any CPU
		{87B43553-CFB4-404C-9C70-2F74EC1BDF57}.Release|Any CPU.ActiveCfg = Release|Any CPU
		{87B43553-CFB4-404C-9C70-2F74EC1BDF57}.Release|Any CPU.Build.0 = Release|Any CPU
		{B26EE536-FF81-49CB-AD89-DB27E2DB7D1E}.Debug|Any CPU.ActiveCfg = Debug|Any CPU
		{B26EE536-FF81-49CB-AD89-DB27E2DB7D1E}.Debug|Any CPU.Build.0 = Debug|Any CPU
		{B26EE536-FF81-49CB-AD89-DB27E2DB7D1E}.Release|Any CPU.ActiveCfg = Release|Any CPU
		{B26EE536-FF81-49CB-AD89-DB27E2DB7D1E}.Release|Any CPU.Build.0 = Release|Any CPU
		{CB1B05AA-96C5-400B-BD0A-43C65E65AB73}.Debug|Any CPU.ActiveCfg = Debug|Any CPU
		{CB1B05AA-96C5-400B-BD0A-43C65E65AB73}.Debug|Any CPU.Build.0 = Debug|Any CPU
		{CB1B05AA-96C5-400B-BD0A-43C65E65AB73}.Release|Any CPU.ActiveCfg = Release|Any CPU
		{CB1B05AA-96C5-400B-BD0A-43C65E65AB73}.Release|Any CPU.Build.0 = Release|Any CPU
		{C4188320-3D3B-4A7C-85F9-906513D68B0C}.Debug|Any CPU.ActiveCfg = Debug|Any CPU
		{C4188320-3D3B-4A7C-85F9-906513D68B0C}.Debug|Any CPU.Build.0 = Debug|Any CPU
		{C4188320-3D3B-4A7C-85F9-906513D68B0C}.Release|Any CPU.ActiveCfg = Release|Any CPU
		{C4188320-3D3B-4A7C-85F9-906513D68B0C}.Release|Any CPU.Build.0 = Release|Any CPU
		{6CAD12AC-63E6-4A46-AF9A-B2CE51DA7368}.Debug|Any CPU.ActiveCfg = Debug|Any CPU
		{6CAD12AC-63E6-4A46-AF9A-B2CE51DA7368}.Debug|Any CPU.Build.0 = Debug|Any CPU
		{6CAD12AC-63E6-4A46-AF9A-B2CE51DA7368}.Release|Any CPU.ActiveCfg = Release|Any CPU
		{6CAD12AC-63E6-4A46-AF9A-B2CE51DA7368}.Release|Any CPU.Build.0 = Release|Any CPU
		{320A4B80-C606-4898-8DAA-374CE4884EC1}.Debug|Any CPU.ActiveCfg = Debug|Any CPU
		{320A4B80-C606-4898-8DAA-374CE4884EC1}.Debug|Any CPU.Build.0 = Debug|Any CPU
		{320A4B80-C606-4898-8DAA-374CE4884EC1}.Release|Any CPU.ActiveCfg = Release|Any CPU
		{320A4B80-C606-4898-8DAA-374CE4884EC1}.Release|Any CPU.Build.0 = Release|Any CPU
		{50DF9523-E7B7-498E-A82D-B8E87760AB1B}.Debug|Any CPU.ActiveCfg = Debug|Any CPU
		{50DF9523-E7B7-498E-A82D-B8E87760AB1B}.Debug|Any CPU.Build.0 = Debug|Any CPU
		{50DF9523-E7B7-498E-A82D-B8E87760AB1B}.Release|Any CPU.ActiveCfg = Release|Any CPU
		{50DF9523-E7B7-498E-A82D-B8E87760AB1B}.Release|Any CPU.Build.0 = Release|Any CPU
		{48D583CF-A020-4F7C-A51B-EF6553825019}.Debug|Any CPU.ActiveCfg = Debug|Any CPU
		{48D583CF-A020-4F7C-A51B-EF6553825019}.Debug|Any CPU.Build.0 = Debug|Any CPU
		{48D583CF-A020-4F7C-A51B-EF6553825019}.Release|Any CPU.ActiveCfg = Release|Any CPU
		{48D583CF-A020-4F7C-A51B-EF6553825019}.Release|Any CPU.Build.0 = Release|Any CPU
		{4E122FFA-AED8-483A-BC42-A721F3FA0378}.Debug|Any CPU.ActiveCfg = Debug|Any CPU
		{4E122FFA-AED8-483A-BC42-A721F3FA0378}.Debug|Any CPU.Build.0 = Debug|Any CPU
		{4E122FFA-AED8-483A-BC42-A721F3FA0378}.Release|Any CPU.ActiveCfg = Release|Any CPU
		{4E122FFA-AED8-483A-BC42-A721F3FA0378}.Release|Any CPU.Build.0 = Release|Any CPU
		{F19445BB-BCB3-4613-88E0-95AD271548D6}.Debug|Any CPU.ActiveCfg = Debug|Any CPU
		{F19445BB-BCB3-4613-88E0-95AD271548D6}.Debug|Any CPU.Build.0 = Debug|Any CPU
		{F19445BB-BCB3-4613-88E0-95AD271548D6}.Release|Any CPU.ActiveCfg = Release|Any CPU
		{F19445BB-BCB3-4613-88E0-95AD271548D6}.Release|Any CPU.Build.0 = Release|Any CPU
		{7C31D08B-6654-47A8-BB44-B3E4E114E568}.Debug|Any CPU.ActiveCfg = Debug|Any CPU
		{7C31D08B-6654-47A8-BB44-B3E4E114E568}.Debug|Any CPU.Build.0 = Debug|Any CPU
		{7C31D08B-6654-47A8-BB44-B3E4E114E568}.Release|Any CPU.ActiveCfg = Release|Any CPU
		{7C31D08B-6654-47A8-BB44-B3E4E114E568}.Release|Any CPU.Build.0 = Release|Any CPU
		{A979F297-9707-4E98-A1BC-C84BB3A50309}.Debug|Any CPU.ActiveCfg = Debug|Any CPU
		{A979F297-9707-4E98-A1BC-C84BB3A50309}.Debug|Any CPU.Build.0 = Debug|Any CPU
		{A979F297-9707-4E98-A1BC-C84BB3A50309}.Release|Any CPU.ActiveCfg = Release|Any CPU
		{A979F297-9707-4E98-A1BC-C84BB3A50309}.Release|Any CPU.Build.0 = Release|Any CPU
		{AE45FA70-BD4B-489F-9E9B-A2AE60229597}.Debug|Any CPU.ActiveCfg = Debug|Any CPU
		{AE45FA70-BD4B-489F-9E9B-A2AE60229597}.Debug|Any CPU.Build.0 = Debug|Any CPU
		{AE45FA70-BD4B-489F-9E9B-A2AE60229597}.Release|Any CPU.ActiveCfg = Release|Any CPU
		{AE45FA70-BD4B-489F-9E9B-A2AE60229597}.Release|Any CPU.Build.0 = Release|Any CPU
		{3BD57E39-7271-4F5D-AEAC-664A2C866AF8}.Debug|Any CPU.ActiveCfg = Debug|Any CPU
		{3BD57E39-7271-4F5D-AEAC-664A2C866AF8}.Debug|Any CPU.Build.0 = Debug|Any CPU
		{3BD57E39-7271-4F5D-AEAC-664A2C866AF8}.Release|Any CPU.ActiveCfg = Release|Any CPU
		{3BD57E39-7271-4F5D-AEAC-664A2C866AF8}.Release|Any CPU.Build.0 = Release|Any CPU
		{F5CB236E-2B9A-4B74-8AD8-7D0C4216131E}.Debug|Any CPU.ActiveCfg = Debug|Any CPU
		{F5CB236E-2B9A-4B74-8AD8-7D0C4216131E}.Debug|Any CPU.Build.0 = Debug|Any CPU
		{F5CB236E-2B9A-4B74-8AD8-7D0C4216131E}.Release|Any CPU.ActiveCfg = Release|Any CPU
		{F5CB236E-2B9A-4B74-8AD8-7D0C4216131E}.Release|Any CPU.Build.0 = Release|Any CPU
		{4C67CEAB-B802-4A36-8E47-ADF89CBA5EF1}.Debug|Any CPU.ActiveCfg = Debug|Any CPU
		{4C67CEAB-B802-4A36-8E47-ADF89CBA5EF1}.Debug|Any CPU.Build.0 = Debug|Any CPU
		{4C67CEAB-B802-4A36-8E47-ADF89CBA5EF1}.Release|Any CPU.ActiveCfg = Release|Any CPU
		{4C67CEAB-B802-4A36-8E47-ADF89CBA5EF1}.Release|Any CPU.Build.0 = Release|Any CPU
		{246203D4-2D90-4E23-B30E-66FA69C70E53}.Debug|Any CPU.ActiveCfg = Debug|Any CPU
		{246203D4-2D90-4E23-B30E-66FA69C70E53}.Debug|Any CPU.Build.0 = Debug|Any CPU
		{246203D4-2D90-4E23-B30E-66FA69C70E53}.Release|Any CPU.ActiveCfg = Release|Any CPU
		{246203D4-2D90-4E23-B30E-66FA69C70E53}.Release|Any CPU.Build.0 = Release|Any CPU
		{A3524961-7311-4BC3-BF3F-423B834A7AA2}.Debug|Any CPU.ActiveCfg = Debug|Any CPU
		{A3524961-7311-4BC3-BF3F-423B834A7AA2}.Debug|Any CPU.Build.0 = Debug|Any CPU
		{A3524961-7311-4BC3-BF3F-423B834A7AA2}.Release|Any CPU.ActiveCfg = Release|Any CPU
		{A3524961-7311-4BC3-BF3F-423B834A7AA2}.Release|Any CPU.Build.0 = Release|Any CPU
		{DDB42208-C511-4590-A599-6BBE6B9C0FD9}.Debug|Any CPU.ActiveCfg = Debug|Any CPU
		{DDB42208-C511-4590-A599-6BBE6B9C0FD9}.Debug|Any CPU.Build.0 = Debug|Any CPU
		{DDB42208-C511-4590-A599-6BBE6B9C0FD9}.Release|Any CPU.ActiveCfg = Release|Any CPU
		{DDB42208-C511-4590-A599-6BBE6B9C0FD9}.Release|Any CPU.Build.0 = Release|Any CPU
		{88EB922D-DE71-4A48-8438-92EC301E53F0}.Debug|Any CPU.ActiveCfg = Debug|Any CPU
		{88EB922D-DE71-4A48-8438-92EC301E53F0}.Debug|Any CPU.Build.0 = Debug|Any CPU
		{88EB922D-DE71-4A48-8438-92EC301E53F0}.Release|Any CPU.ActiveCfg = Release|Any CPU
		{88EB922D-DE71-4A48-8438-92EC301E53F0}.Release|Any CPU.Build.0 = Release|Any CPU
		{D2033E7A-A02E-42B6-A93F-6FBD8746096B}.Debug|Any CPU.ActiveCfg = Debug|Any CPU
		{D2033E7A-A02E-42B6-A93F-6FBD8746096B}.Debug|Any CPU.Build.0 = Debug|Any CPU
		{D2033E7A-A02E-42B6-A93F-6FBD8746096B}.Release|Any CPU.ActiveCfg = Release|Any CPU
		{D2033E7A-A02E-42B6-A93F-6FBD8746096B}.Release|Any CPU.Build.0 = Release|Any CPU
		{38EF564A-C05A-4889-875A-7EC1386519B1}.Debug|Any CPU.ActiveCfg = Debug|Any CPU
		{38EF564A-C05A-4889-875A-7EC1386519B1}.Debug|Any CPU.Build.0 = Debug|Any CPU
		{38EF564A-C05A-4889-875A-7EC1386519B1}.Release|Any CPU.ActiveCfg = Release|Any CPU
		{38EF564A-C05A-4889-875A-7EC1386519B1}.Release|Any CPU.Build.0 = Release|Any CPU
		{E2BB4B40-045D-41FE-BDCB-49CFC3F29CD0}.Debug|Any CPU.ActiveCfg = Debug|Any CPU
		{E2BB4B40-045D-41FE-BDCB-49CFC3F29CD0}.Debug|Any CPU.Build.0 = Debug|Any CPU
		{E2BB4B40-045D-41FE-BDCB-49CFC3F29CD0}.Release|Any CPU.ActiveCfg = Release|Any CPU
		{E2BB4B40-045D-41FE-BDCB-49CFC3F29CD0}.Release|Any CPU.Build.0 = Release|Any CPU
		{102C9647-2B6C-4994-96DF-A01F4C7701D5}.Debug|Any CPU.ActiveCfg = Debug|Any CPU
		{102C9647-2B6C-4994-96DF-A01F4C7701D5}.Debug|Any CPU.Build.0 = Debug|Any CPU
		{102C9647-2B6C-4994-96DF-A01F4C7701D5}.Release|Any CPU.ActiveCfg = Release|Any CPU
		{102C9647-2B6C-4994-96DF-A01F4C7701D5}.Release|Any CPU.Build.0 = Release|Any CPU
		{38F2D803-F647-4E7A-8868-314FCAB825A7}.Debug|Any CPU.ActiveCfg = Debug|Any CPU
		{38F2D803-F647-4E7A-8868-314FCAB825A7}.Debug|Any CPU.Build.0 = Debug|Any CPU
		{38F2D803-F647-4E7A-8868-314FCAB825A7}.Release|Any CPU.ActiveCfg = Release|Any CPU
		{38F2D803-F647-4E7A-8868-314FCAB825A7}.Release|Any CPU.Build.0 = Release|Any CPU
		{FC09A080-AC35-4AA1-8A34-2A6D0D5130C3}.Debug|Any CPU.ActiveCfg = Debug|Any CPU
		{FC09A080-AC35-4AA1-8A34-2A6D0D5130C3}.Debug|Any CPU.Build.0 = Debug|Any CPU
		{FC09A080-AC35-4AA1-8A34-2A6D0D5130C3}.Release|Any CPU.ActiveCfg = Release|Any CPU
		{FC09A080-AC35-4AA1-8A34-2A6D0D5130C3}.Release|Any CPU.Build.0 = Release|Any CPU
		{33EE7970-08F2-43E3-890D-5C24CFADF079}.Debug|Any CPU.ActiveCfg = Debug|Any CPU
		{33EE7970-08F2-43E3-890D-5C24CFADF079}.Debug|Any CPU.Build.0 = Debug|Any CPU
		{33EE7970-08F2-43E3-890D-5C24CFADF079}.Release|Any CPU.ActiveCfg = Release|Any CPU
		{33EE7970-08F2-43E3-890D-5C24CFADF079}.Release|Any CPU.Build.0 = Release|Any CPU
		{19EE64E6-80D3-438E-85C1-7B596F2481C2}.Debug|Any CPU.ActiveCfg = Debug|Any CPU
		{19EE64E6-80D3-438E-85C1-7B596F2481C2}.Debug|Any CPU.Build.0 = Debug|Any CPU
		{19EE64E6-80D3-438E-85C1-7B596F2481C2}.Release|Any CPU.ActiveCfg = Release|Any CPU
		{19EE64E6-80D3-438E-85C1-7B596F2481C2}.Release|Any CPU.Build.0 = Release|Any CPU
		{698BA8FC-019B-4226-BF73-35B745E3437D}.Debug|Any CPU.ActiveCfg = Debug|Any CPU
		{698BA8FC-019B-4226-BF73-35B745E3437D}.Debug|Any CPU.Build.0 = Debug|Any CPU
		{698BA8FC-019B-4226-BF73-35B745E3437D}.Release|Any CPU.ActiveCfg = Release|Any CPU
		{698BA8FC-019B-4226-BF73-35B745E3437D}.Release|Any CPU.Build.0 = Release|Any CPU
		{E12D1F36-304C-42D4-8106-821C6857313F}.Debug|Any CPU.ActiveCfg = Debug|Any CPU
		{E12D1F36-304C-42D4-8106-821C6857313F}.Debug|Any CPU.Build.0 = Debug|Any CPU
		{E12D1F36-304C-42D4-8106-821C6857313F}.Release|Any CPU.ActiveCfg = Release|Any CPU
		{E12D1F36-304C-42D4-8106-821C6857313F}.Release|Any CPU.Build.0 = Release|Any CPU
		{E71731CC-7D96-4B60-95B7-18DAB7315127}.Debug|Any CPU.ActiveCfg = Debug|Any CPU
		{E71731CC-7D96-4B60-95B7-18DAB7315127}.Debug|Any CPU.Build.0 = Debug|Any CPU
		{E71731CC-7D96-4B60-95B7-18DAB7315127}.Release|Any CPU.ActiveCfg = Release|Any CPU
		{E71731CC-7D96-4B60-95B7-18DAB7315127}.Release|Any CPU.Build.0 = Release|Any CPU
		{DE9384C0-389B-4559-896A-E6429A5EBF69}.Debug|Any CPU.ActiveCfg = Debug|Any CPU
		{DE9384C0-389B-4559-896A-E6429A5EBF69}.Debug|Any CPU.Build.0 = Debug|Any CPU
		{DE9384C0-389B-4559-896A-E6429A5EBF69}.Release|Any CPU.ActiveCfg = Release|Any CPU
		{DE9384C0-389B-4559-896A-E6429A5EBF69}.Release|Any CPU.Build.0 = Release|Any CPU
		{B3F8D793-6445-4DAE-94FB-D14842DFF9D5}.Debug|Any CPU.ActiveCfg = Debug|Any CPU
		{B3F8D793-6445-4DAE-94FB-D14842DFF9D5}.Debug|Any CPU.Build.0 = Debug|Any CPU
		{B3F8D793-6445-4DAE-94FB-D14842DFF9D5}.Release|Any CPU.ActiveCfg = Release|Any CPU
		{B3F8D793-6445-4DAE-94FB-D14842DFF9D5}.Release|Any CPU.Build.0 = Release|Any CPU
		{9DE881BD-D4FC-4276-998A-CFADB5E9F5D9}.Debug|Any CPU.ActiveCfg = Debug|Any CPU
		{9DE881BD-D4FC-4276-998A-CFADB5E9F5D9}.Debug|Any CPU.Build.0 = Debug|Any CPU
		{9DE881BD-D4FC-4276-998A-CFADB5E9F5D9}.Release|Any CPU.ActiveCfg = Release|Any CPU
		{9DE881BD-D4FC-4276-998A-CFADB5E9F5D9}.Release|Any CPU.Build.0 = Release|Any CPU
		{3EE32AAD-FC95-43E8-B4B0-F0BF5DB15912}.Debug|Any CPU.ActiveCfg = Debug|Any CPU
		{3EE32AAD-FC95-43E8-B4B0-F0BF5DB15912}.Debug|Any CPU.Build.0 = Debug|Any CPU
		{3EE32AAD-FC95-43E8-B4B0-F0BF5DB15912}.Release|Any CPU.ActiveCfg = Release|Any CPU
		{3EE32AAD-FC95-43E8-B4B0-F0BF5DB15912}.Release|Any CPU.Build.0 = Release|Any CPU
		{47F8BD6F-B665-48C6-A48F-2A33C0B3C339}.Debug|Any CPU.ActiveCfg = Debug|Any CPU
		{47F8BD6F-B665-48C6-A48F-2A33C0B3C339}.Debug|Any CPU.Build.0 = Debug|Any CPU
		{47F8BD6F-B665-48C6-A48F-2A33C0B3C339}.Release|Any CPU.ActiveCfg = Release|Any CPU
		{47F8BD6F-B665-48C6-A48F-2A33C0B3C339}.Release|Any CPU.Build.0 = Release|Any CPU
		{29718388-EF46-40EF-B21C-FE9B34349800}.Debug|Any CPU.ActiveCfg = Debug|Any CPU
		{29718388-EF46-40EF-B21C-FE9B34349800}.Debug|Any CPU.Build.0 = Debug|Any CPU
		{29718388-EF46-40EF-B21C-FE9B34349800}.Release|Any CPU.ActiveCfg = Release|Any CPU
		{29718388-EF46-40EF-B21C-FE9B34349800}.Release|Any CPU.Build.0 = Release|Any CPU
		{64C09A7F-CDD4-4290-8871-35B12FD0CCEE}.Debug|Any CPU.ActiveCfg = Debug|Any CPU
		{64C09A7F-CDD4-4290-8871-35B12FD0CCEE}.Debug|Any CPU.Build.0 = Debug|Any CPU
		{64C09A7F-CDD4-4290-8871-35B12FD0CCEE}.Release|Any CPU.ActiveCfg = Release|Any CPU
		{64C09A7F-CDD4-4290-8871-35B12FD0CCEE}.Release|Any CPU.Build.0 = Release|Any CPU
		{A6D54573-467F-4835-9A9D-7D9FAFE6D2BC}.Debug|Any CPU.ActiveCfg = Debug|Any CPU
		{A6D54573-467F-4835-9A9D-7D9FAFE6D2BC}.Debug|Any CPU.Build.0 = Debug|Any CPU
		{A6D54573-467F-4835-9A9D-7D9FAFE6D2BC}.Release|Any CPU.ActiveCfg = Release|Any CPU
		{A6D54573-467F-4835-9A9D-7D9FAFE6D2BC}.Release|Any CPU.Build.0 = Release|Any CPU
		{6415F195-44B6-4104-B907-41BCC2868154}.Debug|Any CPU.ActiveCfg = Debug|Any CPU
		{6415F195-44B6-4104-B907-41BCC2868154}.Debug|Any CPU.Build.0 = Debug|Any CPU
		{6415F195-44B6-4104-B907-41BCC2868154}.Release|Any CPU.ActiveCfg = Release|Any CPU
		{6415F195-44B6-4104-B907-41BCC2868154}.Release|Any CPU.Build.0 = Release|Any CPU
		{5445D617-8763-4BA1-8BEC-7F3BE0876C40}.Debug|Any CPU.ActiveCfg = Debug|Any CPU
		{5445D617-8763-4BA1-8BEC-7F3BE0876C40}.Debug|Any CPU.Build.0 = Debug|Any CPU
		{5445D617-8763-4BA1-8BEC-7F3BE0876C40}.Release|Any CPU.ActiveCfg = Release|Any CPU
		{5445D617-8763-4BA1-8BEC-7F3BE0876C40}.Release|Any CPU.Build.0 = Release|Any CPU
		{23007875-6EAE-4111-9C58-5D9F2D201D09}.Debug|Any CPU.ActiveCfg = Debug|Any CPU
		{23007875-6EAE-4111-9C58-5D9F2D201D09}.Debug|Any CPU.Build.0 = Debug|Any CPU
		{23007875-6EAE-4111-9C58-5D9F2D201D09}.Release|Any CPU.ActiveCfg = Release|Any CPU
		{23007875-6EAE-4111-9C58-5D9F2D201D09}.Release|Any CPU.Build.0 = Release|Any CPU
		{7AB63199-E724-4249-BC9B-73E1813A317D}.Debug|Any CPU.ActiveCfg = Debug|Any CPU
		{7AB63199-E724-4249-BC9B-73E1813A317D}.Debug|Any CPU.Build.0 = Debug|Any CPU
		{7AB63199-E724-4249-BC9B-73E1813A317D}.Release|Any CPU.ActiveCfg = Release|Any CPU
		{7AB63199-E724-4249-BC9B-73E1813A317D}.Release|Any CPU.Build.0 = Release|Any CPU
		{52A37438-06C3-4242-BF08-A7DB38ECBC1B}.Debug|Any CPU.ActiveCfg = Debug|Any CPU
		{52A37438-06C3-4242-BF08-A7DB38ECBC1B}.Debug|Any CPU.Build.0 = Debug|Any CPU
		{52A37438-06C3-4242-BF08-A7DB38ECBC1B}.Release|Any CPU.ActiveCfg = Release|Any CPU
		{52A37438-06C3-4242-BF08-A7DB38ECBC1B}.Release|Any CPU.Build.0 = Release|Any CPU
		{06AFB007-A689-4B88-9846-DE507D09D82A}.Debug|Any CPU.ActiveCfg = Debug|Any CPU
		{06AFB007-A689-4B88-9846-DE507D09D82A}.Debug|Any CPU.Build.0 = Debug|Any CPU
		{06AFB007-A689-4B88-9846-DE507D09D82A}.Release|Any CPU.ActiveCfg = Release|Any CPU
		{06AFB007-A689-4B88-9846-DE507D09D82A}.Release|Any CPU.Build.0 = Release|Any CPU
		{7F647B9B-FD4E-4C17-A9C6-315272A84E3B}.Debug|Any CPU.ActiveCfg = Debug|Any CPU
		{7F647B9B-FD4E-4C17-A9C6-315272A84E3B}.Debug|Any CPU.Build.0 = Debug|Any CPU
		{7F647B9B-FD4E-4C17-A9C6-315272A84E3B}.Release|Any CPU.ActiveCfg = Release|Any CPU
		{7F647B9B-FD4E-4C17-A9C6-315272A84E3B}.Release|Any CPU.Build.0 = Release|Any CPU
		{0012F810-8751-4C08-B3C4-0D1041B71027}.Debug|Any CPU.ActiveCfg = Debug|Any CPU
		{0012F810-8751-4C08-B3C4-0D1041B71027}.Debug|Any CPU.Build.0 = Debug|Any CPU
		{0012F810-8751-4C08-B3C4-0D1041B71027}.Release|Any CPU.ActiveCfg = Release|Any CPU
		{0012F810-8751-4C08-B3C4-0D1041B71027}.Release|Any CPU.Build.0 = Release|Any CPU
		{0140B5FB-9A75-4DBB-B849-3A0F7D700B05}.Debug|Any CPU.ActiveCfg = Debug|Any CPU
		{0140B5FB-9A75-4DBB-B849-3A0F7D700B05}.Debug|Any CPU.Build.0 = Debug|Any CPU
		{0140B5FB-9A75-4DBB-B849-3A0F7D700B05}.Release|Any CPU.ActiveCfg = Release|Any CPU
		{0140B5FB-9A75-4DBB-B849-3A0F7D700B05}.Release|Any CPU.Build.0 = Release|Any CPU
		{D84F7783-5B99-45B9-96BA-6AFFF6A95EA9}.Debug|Any CPU.ActiveCfg = Debug|Any CPU
		{D84F7783-5B99-45B9-96BA-6AFFF6A95EA9}.Debug|Any CPU.Build.0 = Debug|Any CPU
		{D84F7783-5B99-45B9-96BA-6AFFF6A95EA9}.Release|Any CPU.ActiveCfg = Release|Any CPU
		{D84F7783-5B99-45B9-96BA-6AFFF6A95EA9}.Release|Any CPU.Build.0 = Release|Any CPU
		{ADB9E4C5-4A27-49D7-9219-3AF7777DF9E6}.Debug|Any CPU.ActiveCfg = Debug|Any CPU
		{ADB9E4C5-4A27-49D7-9219-3AF7777DF9E6}.Debug|Any CPU.Build.0 = Debug|Any CPU
		{ADB9E4C5-4A27-49D7-9219-3AF7777DF9E6}.Release|Any CPU.ActiveCfg = Release|Any CPU
		{ADB9E4C5-4A27-49D7-9219-3AF7777DF9E6}.Release|Any CPU.Build.0 = Release|Any CPU
		{43E16092-7730-4075-94A1-D3709B42D896}.Debug|Any CPU.ActiveCfg = Debug|Any CPU
		{43E16092-7730-4075-94A1-D3709B42D896}.Debug|Any CPU.Build.0 = Debug|Any CPU
		{43E16092-7730-4075-94A1-D3709B42D896}.Release|Any CPU.ActiveCfg = Release|Any CPU
		{43E16092-7730-4075-94A1-D3709B42D896}.Release|Any CPU.Build.0 = Release|Any CPU
		{9CB327C6-6144-42CF-ABD5-28C339354BA0}.Debug|Any CPU.ActiveCfg = Debug|Any CPU
		{9CB327C6-6144-42CF-ABD5-28C339354BA0}.Debug|Any CPU.Build.0 = Debug|Any CPU
		{9CB327C6-6144-42CF-ABD5-28C339354BA0}.Release|Any CPU.ActiveCfg = Release|Any CPU
		{9CB327C6-6144-42CF-ABD5-28C339354BA0}.Release|Any CPU.Build.0 = Release|Any CPU
		{DD96AA15-0E4E-4285-AB84-4614CF823014}.Debug|Any CPU.ActiveCfg = Debug|Any CPU
		{DD96AA15-0E4E-4285-AB84-4614CF823014}.Debug|Any CPU.Build.0 = Debug|Any CPU
		{DD96AA15-0E4E-4285-AB84-4614CF823014}.Release|Any CPU.ActiveCfg = Release|Any CPU
		{DD96AA15-0E4E-4285-AB84-4614CF823014}.Release|Any CPU.Build.0 = Release|Any CPU
		{5765BC1E-5468-456C-A1C9-AD9D6F77E1DF}.Debug|Any CPU.ActiveCfg = Debug|Any CPU
		{5765BC1E-5468-456C-A1C9-AD9D6F77E1DF}.Debug|Any CPU.Build.0 = Debug|Any CPU
		{5765BC1E-5468-456C-A1C9-AD9D6F77E1DF}.Release|Any CPU.ActiveCfg = Release|Any CPU
		{5765BC1E-5468-456C-A1C9-AD9D6F77E1DF}.Release|Any CPU.Build.0 = Release|Any CPU
		{D70329FB-21FA-429D-85D8-386EB055ABF8}.Debug|Any CPU.ActiveCfg = Debug|Any CPU
		{D70329FB-21FA-429D-85D8-386EB055ABF8}.Debug|Any CPU.Build.0 = Debug|Any CPU
		{D70329FB-21FA-429D-85D8-386EB055ABF8}.Release|Any CPU.ActiveCfg = Release|Any CPU
		{D70329FB-21FA-429D-85D8-386EB055ABF8}.Release|Any CPU.Build.0 = Release|Any CPU
		{DEAC2296-8DA8-44F0-BFAA-149DB34AEEFC}.Debug|Any CPU.ActiveCfg = Debug|Any CPU
		{DEAC2296-8DA8-44F0-BFAA-149DB34AEEFC}.Debug|Any CPU.Build.0 = Debug|Any CPU
		{DEAC2296-8DA8-44F0-BFAA-149DB34AEEFC}.Release|Any CPU.ActiveCfg = Release|Any CPU
		{DEAC2296-8DA8-44F0-BFAA-149DB34AEEFC}.Release|Any CPU.Build.0 = Release|Any CPU
		{5AB3A597-64F8-4C0E-B659-57144267A598}.Debug|Any CPU.ActiveCfg = Debug|Any CPU
		{5AB3A597-64F8-4C0E-B659-57144267A598}.Debug|Any CPU.Build.0 = Debug|Any CPU
		{5AB3A597-64F8-4C0E-B659-57144267A598}.Release|Any CPU.ActiveCfg = Release|Any CPU
		{5AB3A597-64F8-4C0E-B659-57144267A598}.Release|Any CPU.Build.0 = Release|Any CPU
		{049E8AB3-9283-44E1-A7BC-B28596B63E63}.Debug|Any CPU.ActiveCfg = Debug|Any CPU
		{049E8AB3-9283-44E1-A7BC-B28596B63E63}.Debug|Any CPU.Build.0 = Debug|Any CPU
		{049E8AB3-9283-44E1-A7BC-B28596B63E63}.Release|Any CPU.ActiveCfg = Release|Any CPU
		{049E8AB3-9283-44E1-A7BC-B28596B63E63}.Release|Any CPU.Build.0 = Release|Any CPU
		{F545EBAF-8F70-4415-9B18-66AD7C37C08F}.Debug|Any CPU.ActiveCfg = Debug|Any CPU
		{F545EBAF-8F70-4415-9B18-66AD7C37C08F}.Debug|Any CPU.Build.0 = Debug|Any CPU
		{F545EBAF-8F70-4415-9B18-66AD7C37C08F}.Release|Any CPU.ActiveCfg = Release|Any CPU
		{F545EBAF-8F70-4415-9B18-66AD7C37C08F}.Release|Any CPU.Build.0 = Release|Any CPU
		{9E710765-E379-43FB-B5D4-1AC3B1118215}.Debug|Any CPU.ActiveCfg = Debug|Any CPU
		{9E710765-E379-43FB-B5D4-1AC3B1118215}.Debug|Any CPU.Build.0 = Debug|Any CPU
		{9E710765-E379-43FB-B5D4-1AC3B1118215}.Release|Any CPU.ActiveCfg = Release|Any CPU
		{9E710765-E379-43FB-B5D4-1AC3B1118215}.Release|Any CPU.Build.0 = Release|Any CPU
		{65860BC0-62C3-4FB3-9DC9-709D1EF028F1}.Debug|Any CPU.ActiveCfg = Debug|Any CPU
		{65860BC0-62C3-4FB3-9DC9-709D1EF028F1}.Debug|Any CPU.Build.0 = Debug|Any CPU
		{65860BC0-62C3-4FB3-9DC9-709D1EF028F1}.Release|Any CPU.ActiveCfg = Release|Any CPU
		{65860BC0-62C3-4FB3-9DC9-709D1EF028F1}.Release|Any CPU.Build.0 = Release|Any CPU
		{91E6A4AE-F16C-43E9-BB4E-AC93819D0E26}.Debug|Any CPU.ActiveCfg = Debug|Any CPU
		{91E6A4AE-F16C-43E9-BB4E-AC93819D0E26}.Debug|Any CPU.Build.0 = Debug|Any CPU
		{91E6A4AE-F16C-43E9-BB4E-AC93819D0E26}.Release|Any CPU.ActiveCfg = Release|Any CPU
		{91E6A4AE-F16C-43E9-BB4E-AC93819D0E26}.Release|Any CPU.Build.0 = Release|Any CPU
		{002031D3-B22A-4C1B-B26F-A84803D5D5BC}.Debug|Any CPU.ActiveCfg = Debug|Any CPU
		{002031D3-B22A-4C1B-B26F-A84803D5D5BC}.Debug|Any CPU.Build.0 = Debug|Any CPU
		{002031D3-B22A-4C1B-B26F-A84803D5D5BC}.Release|Any CPU.ActiveCfg = Release|Any CPU
		{002031D3-B22A-4C1B-B26F-A84803D5D5BC}.Release|Any CPU.Build.0 = Release|Any CPU
		{1999DF0C-F09B-45D5-887A-5FF01C9D6C7A}.Debug|Any CPU.ActiveCfg = Debug|Any CPU
		{1999DF0C-F09B-45D5-887A-5FF01C9D6C7A}.Debug|Any CPU.Build.0 = Debug|Any CPU
		{1999DF0C-F09B-45D5-887A-5FF01C9D6C7A}.Release|Any CPU.ActiveCfg = Release|Any CPU
		{1999DF0C-F09B-45D5-887A-5FF01C9D6C7A}.Release|Any CPU.Build.0 = Release|Any CPU
		{F4E69872-E667-4A46-B765-A5A9A1574BC1}.Debug|Any CPU.ActiveCfg = Debug|Any CPU
		{F4E69872-E667-4A46-B765-A5A9A1574BC1}.Debug|Any CPU.Build.0 = Debug|Any CPU
		{F4E69872-E667-4A46-B765-A5A9A1574BC1}.Release|Any CPU.ActiveCfg = Release|Any CPU
		{F4E69872-E667-4A46-B765-A5A9A1574BC1}.Release|Any CPU.Build.0 = Release|Any CPU
		{8D759C85-2386-44A4-BA81-D170182352F8}.Debug|Any CPU.ActiveCfg = Debug|Any CPU
		{8D759C85-2386-44A4-BA81-D170182352F8}.Debug|Any CPU.Build.0 = Debug|Any CPU
		{8D759C85-2386-44A4-BA81-D170182352F8}.Release|Any CPU.ActiveCfg = Release|Any CPU
		{8D759C85-2386-44A4-BA81-D170182352F8}.Release|Any CPU.Build.0 = Release|Any CPU
		{89F97AF2-A4BF-4817-926B-1EF808EE2E18}.Debug|Any CPU.ActiveCfg = Debug|Any CPU
		{89F97AF2-A4BF-4817-926B-1EF808EE2E18}.Debug|Any CPU.Build.0 = Debug|Any CPU
		{89F97AF2-A4BF-4817-926B-1EF808EE2E18}.Release|Any CPU.ActiveCfg = Release|Any CPU
		{89F97AF2-A4BF-4817-926B-1EF808EE2E18}.Release|Any CPU.Build.0 = Release|Any CPU
	EndGlobalSection
	GlobalSection(SolutionProperties) = preSolution
		HideSolutionNode = FALSE
	EndGlobalSection
	GlobalSection(NestedProjects) = preSolution
		{20E95310-030C-4CB0-B0A7-6ED0CEEB7FB7} = {02809238-3F6B-466E-AFFA-F0E426DDFA0B}
		{8C459CC3-7B74-4C41-8EB8-5986EC3DB078} = {02809238-3F6B-466E-AFFA-F0E426DDFA0B}
		{B0745DA1-0555-428C-8E6C-8F6CF14228F6} = {02809238-3F6B-466E-AFFA-F0E426DDFA0B}
		{0A2935CA-0847-4A6A-A240-4D51B8B84D4D} = {02809238-3F6B-466E-AFFA-F0E426DDFA0B}
		{85402F06-593F-458C-9E88-4B73E599D8D0} = {02809238-3F6B-466E-AFFA-F0E426DDFA0B}
		{ADF62721-220F-4A6A-A71C-F75C575D2CCF} = {02809238-3F6B-466E-AFFA-F0E426DDFA0B}
		{C3DE904C-A9B1-4E4B-90B5-5C4B5BF2DF57} = {02809238-3F6B-466E-AFFA-F0E426DDFA0B}
		{A137D07D-D15E-462C-B81E-7171FA47E00C} = {02809238-3F6B-466E-AFFA-F0E426DDFA0B}
		{8D34B647-F364-4932-B56F-538DFD03671E} = {18AC39B4-344F-4833-84B2-7E18DF4889C3}
		{69544596-B7EF-4F5E-9FA6-E36E854EBE0C} = {C5C79824-FE76-4DBC-996C-A9ED22A078E3}
		{7AF2DBD2-E483-44DD-9D72-F756EE1B0586} = {C5C79824-FE76-4DBC-996C-A9ED22A078E3}
		{47CAEA37-DB50-4224-8A87-EB28FB1BDFA7} = {C5C79824-FE76-4DBC-996C-A9ED22A078E3}
		{F4A2C93A-33DA-4214-AFE1-195EEBCDFAFD} = {C5C79824-FE76-4DBC-996C-A9ED22A078E3}
		{87B43553-CFB4-404C-9C70-2F74EC1BDF57} = {C5C79824-FE76-4DBC-996C-A9ED22A078E3}
		{B26EE536-FF81-49CB-AD89-DB27E2DB7D1E} = {C5C79824-FE76-4DBC-996C-A9ED22A078E3}
		{CB1B05AA-96C5-400B-BD0A-43C65E65AB73} = {C5C79824-FE76-4DBC-996C-A9ED22A078E3}
		{C4188320-3D3B-4A7C-85F9-906513D68B0C} = {C5C79824-FE76-4DBC-996C-A9ED22A078E3}
		{6CAD12AC-63E6-4A46-AF9A-B2CE51DA7368} = {C5C79824-FE76-4DBC-996C-A9ED22A078E3}
		{320A4B80-C606-4898-8DAA-374CE4884EC1} = {C5C79824-FE76-4DBC-996C-A9ED22A078E3}
		{50DF9523-E7B7-498E-A82D-B8E87760AB1B} = {C5C79824-FE76-4DBC-996C-A9ED22A078E3}
		{48D583CF-A020-4F7C-A51B-EF6553825019} = {C5C79824-FE76-4DBC-996C-A9ED22A078E3}
		{4E122FFA-AED8-483A-BC42-A721F3FA0378} = {C5C79824-FE76-4DBC-996C-A9ED22A078E3}
		{F19445BB-BCB3-4613-88E0-95AD271548D6} = {C5C79824-FE76-4DBC-996C-A9ED22A078E3}
		{7C31D08B-6654-47A8-BB44-B3E4E114E568} = {253214CC-2937-49F7-A69E-B75A67A86BE6}
		{A979F297-9707-4E98-A1BC-C84BB3A50309} = {253214CC-2937-49F7-A69E-B75A67A86BE6}
		{AE45FA70-BD4B-489F-9E9B-A2AE60229597} = {253214CC-2937-49F7-A69E-B75A67A86BE6}
		{3BD57E39-7271-4F5D-AEAC-664A2C866AF8} = {253214CC-2937-49F7-A69E-B75A67A86BE6}
		{F5CB236E-2B9A-4B74-8AD8-7D0C4216131E} = {253214CC-2937-49F7-A69E-B75A67A86BE6}
		{4C67CEAB-B802-4A36-8E47-ADF89CBA5EF1} = {253214CC-2937-49F7-A69E-B75A67A86BE6}
		{246203D4-2D90-4E23-B30E-66FA69C70E53} = {253214CC-2937-49F7-A69E-B75A67A86BE6}
		{A3524961-7311-4BC3-BF3F-423B834A7AA2} = {253214CC-2937-49F7-A69E-B75A67A86BE6}
		{DDB42208-C511-4590-A599-6BBE6B9C0FD9} = {253214CC-2937-49F7-A69E-B75A67A86BE6}
		{88EB922D-DE71-4A48-8438-92EC301E53F0} = {253214CC-2937-49F7-A69E-B75A67A86BE6}
		{D2033E7A-A02E-42B6-A93F-6FBD8746096B} = {5DF760D4-4DA2-4A5D-A98C-67514A4CEB02}
		{38EF564A-C05A-4889-875A-7EC1386519B1} = {5DF760D4-4DA2-4A5D-A98C-67514A4CEB02}
		{E2BB4B40-045D-41FE-BDCB-49CFC3F29CD0} = {5DF760D4-4DA2-4A5D-A98C-67514A4CEB02}
		{102C9647-2B6C-4994-96DF-A01F4C7701D5} = {5DF760D4-4DA2-4A5D-A98C-67514A4CEB02}
		{38F2D803-F647-4E7A-8868-314FCAB825A7} = {5DF760D4-4DA2-4A5D-A98C-67514A4CEB02}
		{FC09A080-AC35-4AA1-8A34-2A6D0D5130C3} = {778E8201-0A8F-45B2-A5F0-E413EAB7D92E}
		{33EE7970-08F2-43E3-890D-5C24CFADF079} = {778E8201-0A8F-45B2-A5F0-E413EAB7D92E}
		{19EE64E6-80D3-438E-85C1-7B596F2481C2} = {778E8201-0A8F-45B2-A5F0-E413EAB7D92E}
		{698BA8FC-019B-4226-BF73-35B745E3437D} = {778E8201-0A8F-45B2-A5F0-E413EAB7D92E}
		{E12D1F36-304C-42D4-8106-821C6857313F} = {778E8201-0A8F-45B2-A5F0-E413EAB7D92E}
		{E71731CC-7D96-4B60-95B7-18DAB7315127} = {778E8201-0A8F-45B2-A5F0-E413EAB7D92E}
		{DE9384C0-389B-4559-896A-E6429A5EBF69} = {325DBB7D-ACC0-4E11-A2D3-9FE41EAB7AA3}
		{B3F8D793-6445-4DAE-94FB-D14842DFF9D5} = {325DBB7D-ACC0-4E11-A2D3-9FE41EAB7AA3}
		{9DE881BD-D4FC-4276-998A-CFADB5E9F5D9} = {325DBB7D-ACC0-4E11-A2D3-9FE41EAB7AA3}
		{3EE32AAD-FC95-43E8-B4B0-F0BF5DB15912} = {325DBB7D-ACC0-4E11-A2D3-9FE41EAB7AA3}
		{47F8BD6F-B665-48C6-A48F-2A33C0B3C339} = {325DBB7D-ACC0-4E11-A2D3-9FE41EAB7AA3}
		{29718388-EF46-40EF-B21C-FE9B34349800} = {325DBB7D-ACC0-4E11-A2D3-9FE41EAB7AA3}
		{64C09A7F-CDD4-4290-8871-35B12FD0CCEE} = {325DBB7D-ACC0-4E11-A2D3-9FE41EAB7AA3}
		{A6D54573-467F-4835-9A9D-7D9FAFE6D2BC} = {325DBB7D-ACC0-4E11-A2D3-9FE41EAB7AA3}
		{6415F195-44B6-4104-B907-41BCC2868154} = {325DBB7D-ACC0-4E11-A2D3-9FE41EAB7AA3}
		{5445D617-8763-4BA1-8BEC-7F3BE0876C40} = {325DBB7D-ACC0-4E11-A2D3-9FE41EAB7AA3}
		{23007875-6EAE-4111-9C58-5D9F2D201D09} = {325DBB7D-ACC0-4E11-A2D3-9FE41EAB7AA3}
		{7AB63199-E724-4249-BC9B-73E1813A317D} = {BE6CF069-6727-4320-84FE-D7E34AA86BEB}
		{52A37438-06C3-4242-BF08-A7DB38ECBC1B} = {BE6CF069-6727-4320-84FE-D7E34AA86BEB}
		{06AFB007-A689-4B88-9846-DE507D09D82A} = {BE6CF069-6727-4320-84FE-D7E34AA86BEB}
		{7F647B9B-FD4E-4C17-A9C6-315272A84E3B} = {BE6CF069-6727-4320-84FE-D7E34AA86BEB}
		{0012F810-8751-4C08-B3C4-0D1041B71027} = {2D2E7F5C-1DED-448E-B72B-180AA6BBE33E}
		{0140B5FB-9A75-4DBB-B849-3A0F7D700B05} = {2D2E7F5C-1DED-448E-B72B-180AA6BBE33E}
		{D84F7783-5B99-45B9-96BA-6AFFF6A95EA9} = {2D2E7F5C-1DED-448E-B72B-180AA6BBE33E}
		{ADB9E4C5-4A27-49D7-9219-3AF7777DF9E6} = {2D2E7F5C-1DED-448E-B72B-180AA6BBE33E}
		{43E16092-7730-4075-94A1-D3709B42D896} = {2D2E7F5C-1DED-448E-B72B-180AA6BBE33E}
		{9CB327C6-6144-42CF-ABD5-28C339354BA0} = {5E55810D-BF9B-4685-A913-650E281F4C57}
		{DD96AA15-0E4E-4285-AB84-4614CF823014} = {431E2C97-F15E-4472-ABBE-A766F3459284}
		{5765BC1E-5468-456C-A1C9-AD9D6F77E1DF} = {431E2C97-F15E-4472-ABBE-A766F3459284}
		{D70329FB-21FA-429D-85D8-386EB055ABF8} = {431E2C97-F15E-4472-ABBE-A766F3459284}
		{DEAC2296-8DA8-44F0-BFAA-149DB34AEEFC} = {4D973AC7-FCC1-49A8-99DE-09970CD2AEC0}
		{5AB3A597-64F8-4C0E-B659-57144267A598} = {4D973AC7-FCC1-49A8-99DE-09970CD2AEC0}
		{049E8AB3-9283-44E1-A7BC-B28596B63E63} = {4D973AC7-FCC1-49A8-99DE-09970CD2AEC0}
		{F545EBAF-8F70-4415-9B18-66AD7C37C08F} = {4D973AC7-FCC1-49A8-99DE-09970CD2AEC0}
		{9E710765-E379-43FB-B5D4-1AC3B1118215} = {4D973AC7-FCC1-49A8-99DE-09970CD2AEC0}
		{65860BC0-62C3-4FB3-9DC9-709D1EF028F1} = {4D973AC7-FCC1-49A8-99DE-09970CD2AEC0}
		{91E6A4AE-F16C-43E9-BB4E-AC93819D0E26} = {4D973AC7-FCC1-49A8-99DE-09970CD2AEC0}
		{002031D3-B22A-4C1B-B26F-A84803D5D5BC} = {4D973AC7-FCC1-49A8-99DE-09970CD2AEC0}
		{1999DF0C-F09B-45D5-887A-5FF01C9D6C7A} = {B2EFC743-4E15-4BAC-ACD2-3270C4F518ED}
		{F4E69872-E667-4A46-B765-A5A9A1574BC1} = {B2EFC743-4E15-4BAC-ACD2-3270C4F518ED}
		{8D759C85-2386-44A4-BA81-D170182352F8} = {B2EFC743-4E15-4BAC-ACD2-3270C4F518ED}
		{89F97AF2-A4BF-4817-926B-1EF808EE2E18} = {B2EFC743-4E15-4BAC-ACD2-3270C4F518ED}
	EndGlobalSection
	GlobalSection(ExtensibilityGlobals) = postSolution
		SolutionGuid = {A2719945-F9D2-4AD1-A033-50C94AB8803C}
	EndGlobalSection
EndGlobal
