
Microsoft Visual Studio Solution File, Format Version 12.00
# Visual Studio 15
VisualStudioVersion = 15.0.27130.2003
MinimumVisualStudioVersion = 10.0.40219.1
Project("{2150E333-8FDC-42A3-9474-1A3956D46DE8}") = "19", "19", "{78C0E195-C93C-4C3F-BCD4-2B3DBA5530E3}"
EndProject
Project("{FAE04EC0-301F-11D3-BF4B-00C04F79EFBC}") = "FunWithCSharpAsync", "19\FunWithCSharpAsync\FunWithCSharpAsync.csproj", "{FCBEEB44-11D3-41CE-8F04-34959B86D192}"
EndProject
Global
	GlobalSection(SolutionConfigurationPlatforms) = preSolution
		Debug|Any CPU = Debug|Any CPU
		Release|Any CPU = Release|Any CPU
	EndGlobalSection
	GlobalSection(ProjectConfigurationPlatforms) = postSolution
		{FCBEEB44-11D3-41CE-8F04-34959B86D192}.Debug|Any CPU.ActiveCfg = Debug|Any CPU
		{FCBEEB44-11D3-41CE-8F04-34959B86D192}.Debug|Any CPU.Build.0 = Debug|Any CPU
		{FCBEEB44-11D3-41CE-8F04-34959B86D192}.Release|Any CPU.ActiveCfg = Release|Any CPU
		{FCBEEB44-11D3-41CE-8F04-34959B86D192}.Release|Any CPU.Build.0 = Release|Any CPU
	EndGlobalSection
	GlobalSection(SolutionProperties) = preSolution
		HideSolutionNode = FALSE
	EndGlobalSection
	GlobalSection(NestedProjects) = preSolution
		{FCBEEB44-11D3-41CE-8F04-34959B86D192} = {78C0E195-C93C-4C3F-BCD4-2B3DBA5530E3}
	EndGlobalSection
	GlobalSection(ExtensibilityGlobals) = postSolution
		SolutionGuid = {E99DCD8B-196C-45BD-818C-475BD786D225}
	EndGlobalSection
EndGlobal
